// !$*UTF8*$!
{
	archiveVersion = 1;
	classes = {
	};
	objectVersion = 48;
	objects = {

/* Begin PBXBuildFile section */
		185A7F671FC1D8B700D66AC3 /* MBProgressHUD+BBHUD.m in Sources */ = {isa = PBXBuildFile; fileRef = 185A7F611FC1D8B600D66AC3 /* MBProgressHUD+BBHUD.m */; };
		185A7F681FC1D8B700D66AC3 /* OSFileCollectionHeaderView.m in Sources */ = {isa = PBXBuildFile; fileRef = 185A7F621FC1D8B600D66AC3 /* OSFileCollectionHeaderView.m */; };
		185A7F691FC1D8B700D66AC3 /* OSMimeTypeMap.m in Sources */ = {isa = PBXBuildFile; fileRef = 185A7F651FC1D8B700D66AC3 /* OSMimeTypeMap.m */; };
		18E3C7C41FAA20BE00567350 /* OSFilePreviewViewController.h in Sources */ = {isa = PBXBuildFile; fileRef = 18E3C7A41FAA20B800567350 /* OSFilePreviewViewController.h */; };
		18E3C7C51FAA20BE00567350 /* UIImage+XYImage.h in Sources */ = {isa = PBXBuildFile; fileRef = 18E3C7A51FAA20B800567350 /* UIImage+XYImage.h */; };
		18E3C7C61FAA20BE00567350 /* OSFileCollectionViewCell.m in Sources */ = {isa = PBXBuildFile; fileRef = 18E3C7A61FAA20B800567350 /* OSFileCollectionViewCell.m */; };
		18E3C7C71FAA20BE00567350 /* UIImageView+XYExtension.m in Sources */ = {isa = PBXBuildFile; fileRef = 18E3C7A71FAA20B900567350 /* UIImageView+XYExtension.m */; };
		18E3C7C81FAA20BE00567350 /* OSFile.h in Sources */ = {isa = PBXBuildFile; fileRef = 18E3C7A81FAA20B900567350 /* OSFile.h */; };
		18E3C7C91FAA20BE00567350 /* UIViewController+XYExtensions.h in Sources */ = {isa = PBXBuildFile; fileRef = 18E3C7A91FAA20B900567350 /* UIViewController+XYExtensions.h */; };
		18E3C7CA1FAA20BE00567350 /* UIViewController+XYExtensions.m in Sources */ = {isa = PBXBuildFile; fileRef = 18E3C7AA1FAA20B900567350 /* UIViewController+XYExtensions.m */; };
		18E3C7CD1FAA20BE00567350 /* OSFile.m in Sources */ = {isa = PBXBuildFile; fileRef = 18E3C7AD1FAA20BA00567350 /* OSFile.m */; };
		18E3C7CE1FAA20BE00567350 /* OSFileCollectionViewFlowLayout.m in Sources */ = {isa = PBXBuildFile; fileRef = 18E3C7AE1FAA20BA00567350 /* OSFileCollectionViewFlowLayout.m */; };
		18E3C7D01FAA20BE00567350 /* OSFileCollectionViewFlowLayout.h in Sources */ = {isa = PBXBuildFile; fileRef = 18E3C7B01FAA20BA00567350 /* OSFileCollectionViewFlowLayout.h */; };
		18E3C7D21FAA20BE00567350 /* NSString+OSFile.h in Sources */ = {isa = PBXBuildFile; fileRef = 18E3C7B21FAA20BB00567350 /* NSString+OSFile.h */; };
		18E3C7D31FAA20BE00567350 /* OSFileCollectionViewCell.h in Sources */ = {isa = PBXBuildFile; fileRef = 18E3C7B31FAA20BB00567350 /* OSFileCollectionViewCell.h */; };
		18E3C7D41FAA20BE00567350 /* OSFileCollectionViewController.m in Sources */ = {isa = PBXBuildFile; fileRef = 18E3C7B41FAA20BB00567350 /* OSFileCollectionViewController.m */; };
		18E3C7D61FAA20BE00567350 /* OSFileAttributeItem.m in Sources */ = {isa = PBXBuildFile; fileRef = 18E3C7B61FAA20BB00567350 /* OSFileAttributeItem.m */; };
		18E3C7D71FAA20BE00567350 /* OSFilePreviewViewController.m in Sources */ = {isa = PBXBuildFile; fileRef = 18E3C7B71FAA20BC00567350 /* OSFilePreviewViewController.m */; };
		18E3C7D81FAA20BE00567350 /* UIImage+XYImage.m in Sources */ = {isa = PBXBuildFile; fileRef = 18E3C7B81FAA20BC00567350 /* UIImage+XYImage.m */; };
		18E3C7D91FAA20BE00567350 /* DirectoryWatcher.m in Sources */ = {isa = PBXBuildFile; fileRef = 18E3C7B91FAA20BC00567350 /* DirectoryWatcher.m */; };
		18E3C7DA1FAA20BE00567350 /* NSDate+ESUtilities.m in Sources */ = {isa = PBXBuildFile; fileRef = 18E3C7BA1FAA20BC00567350 /* NSDate+ESUtilities.m */; };
		18E3C7DB1FAA20BE00567350 /* OSFileAttributeItem.h in Sources */ = {isa = PBXBuildFile; fileRef = 18E3C7BB1FAA20BC00567350 /* OSFileAttributeItem.h */; };
		18E3C7DC1FAA20BE00567350 /* NSDate+ESUtilities.h in Sources */ = {isa = PBXBuildFile; fileRef = 18E3C7BC1FAA20BC00567350 /* NSDate+ESUtilities.h */; };
		18E3C7DD1FAA20BE00567350 /* UIImageView+XYExtension.h in Sources */ = {isa = PBXBuildFile; fileRef = 18E3C7BD1FAA20BD00567350 /* UIImageView+XYExtension.h */; };
		18E3C7DE1FAA20BE00567350 /* DirectoryWatcher.h in Sources */ = {isa = PBXBuildFile; fileRef = 18E3C7BE1FAA20BD00567350 /* DirectoryWatcher.h */; };
		18E3C7DF1FAA20BE00567350 /* NSString+OSFile.m in Sources */ = {isa = PBXBuildFile; fileRef = 18E3C7BF1FAA20BD00567350 /* NSString+OSFile.m */; };
		18E3C7E01FAA20BE00567350 /* OSFileBottomHUD.h in Sources */ = {isa = PBXBuildFile; fileRef = 18E3C7C01FAA20BD00567350 /* OSFileBottomHUD.h */; };
		18E3C7E11FAA20BE00567350 /* OSFileCollectionViewController.h in Sources */ = {isa = PBXBuildFile; fileRef = 18E3C7C11FAA20BD00567350 /* OSFileCollectionViewController.h */; };
		18E3C7E31FAA20BE00567350 /* OSFileBottomHUD.m in Sources */ = {isa = PBXBuildFile; fileRef = 18E3C7C31FAA20BE00567350 /* OSFileBottomHUD.m */; };
		18E3C7E91FAA393B00567350 /* OSFileBrowser.bundle in Resources */ = {isa = PBXBuildFile; fileRef = 18E3C7E81FAA393B00567350 /* OSFileBrowser.bundle */; };
		28E96F0F46BF10AB72D95417 /* libPods-FileBrowser.a in Frameworks */ = {isa = PBXBuildFile; fileRef = C412FB3F274B4C9DA2C16484 /* libPods-FileBrowser.a */; };
		D0353DE81FA9735C0082508D /* OSFileBrowserAppDelegate.m in Sources */ = {isa = PBXBuildFile; fileRef = D0353DE71FA9735C0082508D /* OSFileBrowserAppDelegate.m */; };
		D0353DF01FA9735C0082508D /* Assets.xcassets in Resources */ = {isa = PBXBuildFile; fileRef = D0353DEF1FA9735C0082508D /* Assets.xcassets */; };
		D0353DF31FA9735C0082508D /* LaunchScreen.storyboard in Resources */ = {isa = PBXBuildFile; fileRef = D0353DF11FA9735C0082508D /* LaunchScreen.storyboard */; };
		D0353DF61FA9735C0082508D /* main.m in Sources */ = {isa = PBXBuildFile; fileRef = D0353DF51FA9735C0082508D /* main.m */; };
/* End PBXBuildFile section */

/* Begin PBXFileReference section */
		07AA40085D00647EE3E7C40A /* Pods-FileBrowser.debug.xcconfig */ = {isa = PBXFileReference; includeInIndex = 1; lastKnownFileType = text.xcconfig; name = "Pods-FileBrowser.debug.xcconfig"; path = "Pods/Target Support Files/Pods-FileBrowser/Pods-FileBrowser.debug.xcconfig"; sourceTree = "<group>"; };
		185A7F611FC1D8B600D66AC3 /* MBProgressHUD+BBHUD.m */ = {isa = PBXFileReference; fileEncoding = 4; lastKnownFileType = sourcecode.c.objc; name = "MBProgressHUD+BBHUD.m"; path = "OSFileBrowser/MBProgressHUD+BBHUD.m"; sourceTree = "<group>"; };
		185A7F621FC1D8B600D66AC3 /* OSFileCollectionHeaderView.m */ = {isa = PBXFileReference; fileEncoding = 4; lastKnownFileType = sourcecode.c.objc; name = OSFileCollectionHeaderView.m; path = OSFileBrowser/OSFileCollectionHeaderView.m; sourceTree = "<group>"; };
		185A7F631FC1D8B700D66AC3 /* MBProgressHUD+BBHUD.h */ = {isa = PBXFileReference; fileEncoding = 4; lastKnownFileType = sourcecode.c.h; name = "MBProgressHUD+BBHUD.h"; path = "OSFileBrowser/MBProgressHUD+BBHUD.h"; sourceTree = "<group>"; };
		185A7F641FC1D8B700D66AC3 /* OSMimeTypeMap.h */ = {isa = PBXFileReference; fileEncoding = 4; lastKnownFileType = sourcecode.c.h; name = OSMimeTypeMap.h; path = OSFileBrowser/OSMimeTypeMap.h; sourceTree = "<group>"; };
		185A7F651FC1D8B700D66AC3 /* OSMimeTypeMap.m */ = {isa = PBXFileReference; fileEncoding = 4; lastKnownFileType = sourcecode.c.objc; name = OSMimeTypeMap.m; path = OSFileBrowser/OSMimeTypeMap.m; sourceTree = "<group>"; };
		185A7F661FC1D8B700D66AC3 /* OSFileCollectionHeaderView.h */ = {isa = PBXFileReference; fileEncoding = 4; lastKnownFileType = sourcecode.c.h; name = OSFileCollectionHeaderView.h; path = OSFileBrowser/OSFileCollectionHeaderView.h; sourceTree = "<group>"; };
		18E3C7A41FAA20B800567350 /* OSFilePreviewViewController.h */ = {isa = PBXFileReference; lastKnownFileType = sourcecode.c.h; name = OSFilePreviewViewController.h; path = OSFileBrowser/OSFilePreviewViewController.h; sourceTree = "<group>"; };
		18E3C7A51FAA20B800567350 /* UIImage+XYImage.h */ = {isa = PBXFileReference; lastKnownFileType = sourcecode.c.h; name = "UIImage+XYImage.h"; path = "OSFileBrowser/UIImage+XYImage.h"; sourceTree = "<group>"; };
		18E3C7A61FAA20B800567350 /* OSFileCollectionViewCell.m */ = {isa = PBXFileReference; lastKnownFileType = sourcecode.c.objc; name = OSFileCollectionViewCell.m; path = OSFileBrowser/OSFileCollectionViewCell.m; sourceTree = "<group>"; };
		18E3C7A71FAA20B900567350 /* UIImageView+XYExtension.m */ = {isa = PBXFileReference; lastKnownFileType = sourcecode.c.objc; name = "UIImageView+XYExtension.m"; path = "OSFileBrowser/UIImageView+XYExtension.m"; sourceTree = "<group>"; };
		18E3C7A81FAA20B900567350 /* OSFile.h */ = {isa = PBXFileReference; lastKnownFileType = sourcecode.c.h; name = OSFile.h; path = OSFileBrowser/OSFile.h; sourceTree = "<group>"; };
		18E3C7A91FAA20B900567350 /* UIViewController+XYExtensions.h */ = {isa = PBXFileReference; lastKnownFileType = sourcecode.c.h; name = "UIViewController+XYExtensions.h"; path = "OSFileBrowser/UIViewController+XYExtensions.h"; sourceTree = "<group>"; };
		18E3C7AA1FAA20B900567350 /* UIViewController+XYExtensions.m */ = {isa = PBXFileReference; lastKnownFileType = sourcecode.c.objc; name = "UIViewController+XYExtensions.m"; path = "OSFileBrowser/UIViewController+XYExtensions.m"; sourceTree = "<group>"; };
		18E3C7AD1FAA20BA00567350 /* OSFile.m */ = {isa = PBXFileReference; lastKnownFileType = sourcecode.c.objc; name = OSFile.m; path = OSFileBrowser/OSFile.m; sourceTree = "<group>"; };
		18E3C7AE1FAA20BA00567350 /* OSFileCollectionViewFlowLayout.m */ = {isa = PBXFileReference; lastKnownFileType = sourcecode.c.objc; name = OSFileCollectionViewFlowLayout.m; path = OSFileBrowser/OSFileCollectionViewFlowLayout.m; sourceTree = "<group>"; };
		18E3C7B01FAA20BA00567350 /* OSFileCollectionViewFlowLayout.h */ = {isa = PBXFileReference; lastKnownFileType = sourcecode.c.h; name = OSFileCollectionViewFlowLayout.h; path = OSFileBrowser/OSFileCollectionViewFlowLayout.h; sourceTree = "<group>"; };
		18E3C7B21FAA20BB00567350 /* NSString+OSFile.h */ = {isa = PBXFileReference; lastKnownFileType = sourcecode.c.h; name = "NSString+OSFile.h"; path = "OSFileBrowser/NSString+OSFile.h"; sourceTree = "<group>"; };
		18E3C7B31FAA20BB00567350 /* OSFileCollectionViewCell.h */ = {isa = PBXFileReference; lastKnownFileType = sourcecode.c.h; name = OSFileCollectionViewCell.h; path = OSFileBrowser/OSFileCollectionViewCell.h; sourceTree = "<group>"; };
		18E3C7B41FAA20BB00567350 /* OSFileCollectionViewController.m */ = {isa = PBXFileReference; lastKnownFileType = sourcecode.c.objc; name = OSFileCollectionViewController.m; path = OSFileBrowser/OSFileCollectionViewController.m; sourceTree = "<group>"; };
		18E3C7B61FAA20BB00567350 /* OSFileAttributeItem.m */ = {isa = PBXFileReference; lastKnownFileType = sourcecode.c.objc; name = OSFileAttributeItem.m; path = OSFileBrowser/OSFileAttributeItem.m; sourceTree = "<group>"; };
		18E3C7B71FAA20BC00567350 /* OSFilePreviewViewController.m */ = {isa = PBXFileReference; lastKnownFileType = sourcecode.c.objc; name = OSFilePreviewViewController.m; path = OSFileBrowser/OSFilePreviewViewController.m; sourceTree = "<group>"; };
		18E3C7B81FAA20BC00567350 /* UIImage+XYImage.m */ = {isa = PBXFileReference; lastKnownFileType = sourcecode.c.objc; name = "UIImage+XYImage.m"; path = "OSFileBrowser/UIImage+XYImage.m"; sourceTree = "<group>"; };
		18E3C7B91FAA20BC00567350 /* DirectoryWatcher.m */ = {isa = PBXFileReference; lastKnownFileType = sourcecode.c.objc; name = DirectoryWatcher.m; path = OSFileBrowser/DirectoryWatcher.m; sourceTree = "<group>"; };
		18E3C7BA1FAA20BC00567350 /* NSDate+ESUtilities.m */ = {isa = PBXFileReference; lastKnownFileType = sourcecode.c.objc; name = "NSDate+ESUtilities.m"; path = "OSFileBrowser/NSDate+ESUtilities.m"; sourceTree = "<group>"; };
		18E3C7BB1FAA20BC00567350 /* OSFileAttributeItem.h */ = {isa = PBXFileReference; lastKnownFileType = sourcecode.c.h; name = OSFileAttributeItem.h; path = OSFileBrowser/OSFileAttributeItem.h; sourceTree = "<group>"; };
		18E3C7BC1FAA20BC00567350 /* NSDate+ESUtilities.h */ = {isa = PBXFileReference; lastKnownFileType = sourcecode.c.h; name = "NSDate+ESUtilities.h"; path = "OSFileBrowser/NSDate+ESUtilities.h"; sourceTree = "<group>"; };
		18E3C7BD1FAA20BD00567350 /* UIImageView+XYExtension.h */ = {isa = PBXFileReference; lastKnownFileType = sourcecode.c.h; name = "UIImageView+XYExtension.h"; path = "OSFileBrowser/UIImageView+XYExtension.h"; sourceTree = "<group>"; };
		18E3C7BE1FAA20BD00567350 /* DirectoryWatcher.h */ = {isa = PBXFileReference; lastKnownFileType = sourcecode.c.h; name = DirectoryWatcher.h; path = OSFileBrowser/DirectoryWatcher.h; sourceTree = "<group>"; };
		18E3C7BF1FAA20BD00567350 /* NSString+OSFile.m */ = {isa = PBXFileReference; lastKnownFileType = sourcecode.c.objc; name = "NSString+OSFile.m"; path = "OSFileBrowser/NSString+OSFile.m"; sourceTree = "<group>"; };
		18E3C7C01FAA20BD00567350 /* OSFileBottomHUD.h */ = {isa = PBXFileReference; lastKnownFileType = sourcecode.c.h; name = OSFileBottomHUD.h; path = OSFileBrowser/OSFileBottomHUD.h; sourceTree = "<group>"; };
		18E3C7C11FAA20BD00567350 /* OSFileCollectionViewController.h */ = {isa = PBXFileReference; lastKnownFileType = sourcecode.c.h; name = OSFileCollectionViewController.h; path = OSFileBrowser/OSFileCollectionViewController.h; sourceTree = "<group>"; };
		18E3C7C31FAA20BE00567350 /* OSFileBottomHUD.m */ = {isa = PBXFileReference; lastKnownFileType = sourcecode.c.objc; name = OSFileBottomHUD.m; path = OSFileBrowser/OSFileBottomHUD.m; sourceTree = "<group>"; };
		18E3C7E81FAA393B00567350 /* OSFileBrowser.bundle */ = {isa = PBXFileReference; lastKnownFileType = "wrapper.plug-in"; name = OSFileBrowser.bundle; path = OSFileBrowser/OSFileBrowser.bundle; sourceTree = "<group>"; };
		74A5B4A7C29615AD3A855D5B /* Pods-FileBrowser.release.xcconfig */ = {isa = PBXFileReference; includeInIndex = 1; lastKnownFileType = text.xcconfig; name = "Pods-FileBrowser.release.xcconfig"; path = "Pods/Target Support Files/Pods-FileBrowser/Pods-FileBrowser.release.xcconfig"; sourceTree = "<group>"; };
		C412FB3F274B4C9DA2C16484 /* libPods-FileBrowser.a */ = {isa = PBXFileReference; explicitFileType = archive.ar; includeInIndex = 0; path = "libPods-FileBrowser.a"; sourceTree = BUILT_PRODUCTS_DIR; };
		D0353DE31FA9735C0082508D /* FileBrowser.app */ = {isa = PBXFileReference; explicitFileType = wrapper.application; includeInIndex = 0; path = FileBrowser.app; sourceTree = BUILT_PRODUCTS_DIR; };
		D0353DE61FA9735C0082508D /* OSFileBrowserAppDelegate.h */ = {isa = PBXFileReference; lastKnownFileType = sourcecode.c.h; path = OSFileBrowserAppDelegate.h; sourceTree = "<group>"; };
		D0353DE71FA9735C0082508D /* OSFileBrowserAppDelegate.m */ = {isa = PBXFileReference; lastKnownFileType = sourcecode.c.objc; path = OSFileBrowserAppDelegate.m; sourceTree = "<group>"; };
		D0353DEF1FA9735C0082508D /* Assets.xcassets */ = {isa = PBXFileReference; lastKnownFileType = folder.assetcatalog; path = Assets.xcassets; sourceTree = "<group>"; };
		D0353DF21FA9735C0082508D /* Base */ = {isa = PBXFileReference; lastKnownFileType = file.storyboard; name = Base; path = Base.lproj/LaunchScreen.storyboard; sourceTree = "<group>"; };
		D0353DF41FA9735C0082508D /* Info.plist */ = {isa = PBXFileReference; lastKnownFileType = text.plist.xml; path = Info.plist; sourceTree = "<group>"; };
		D0353DF51FA9735C0082508D /* main.m */ = {isa = PBXFileReference; lastKnownFileType = sourcecode.c.objc; path = main.m; sourceTree = "<group>"; };
/* End PBXFileReference section */

/* Begin PBXFrameworksBuildPhase section */
		D0353DE01FA9735C0082508D /* Frameworks */ = {
			isa = PBXFrameworksBuildPhase;
			buildActionMask = 2147483647;
			files = (
				28E96F0F46BF10AB72D95417 /* libPods-FileBrowser.a in Frameworks */,
			);
			runOnlyForDeploymentPostprocessing = 0;
		};
/* End PBXFrameworksBuildPhase section */

/* Begin PBXGroup section */
		18E3C7E41FAA20F800567350 /* OSFileBrowser */ = {
			isa = PBXGroup;
			children = (
				185A7F631FC1D8B700D66AC3 /* MBProgressHUD+BBHUD.h */,
				185A7F611FC1D8B600D66AC3 /* MBProgressHUD+BBHUD.m */,
				185A7F661FC1D8B700D66AC3 /* OSFileCollectionHeaderView.h */,
				185A7F621FC1D8B600D66AC3 /* OSFileCollectionHeaderView.m */,
				185A7F641FC1D8B700D66AC3 /* OSMimeTypeMap.h */,
				185A7F651FC1D8B700D66AC3 /* OSMimeTypeMap.m */,
				18E3C7BE1FAA20BD00567350 /* DirectoryWatcher.h */,
				18E3C7B91FAA20BC00567350 /* DirectoryWatcher.m */,
				18E3C7BC1FAA20BC00567350 /* NSDate+ESUtilities.h */,
				18E3C7BA1FAA20BC00567350 /* NSDate+ESUtilities.m */,
				18E3C7B21FAA20BB00567350 /* NSString+OSFile.h */,
				18E3C7BF1FAA20BD00567350 /* NSString+OSFile.m */,
				18E3C7A81FAA20B900567350 /* OSFile.h */,
				18E3C7AD1FAA20BA00567350 /* OSFile.m */,
				18E3C7BB1FAA20BC00567350 /* OSFileAttributeItem.h */,
				18E3C7B61FAA20BB00567350 /* OSFileAttributeItem.m */,
				18E3C7C01FAA20BD00567350 /* OSFileBottomHUD.h */,
				18E3C7C31FAA20BE00567350 /* OSFileBottomHUD.m */,
				18E3C7B31FAA20BB00567350 /* OSFileCollectionViewCell.h */,
				18E3C7A61FAA20B800567350 /* OSFileCollectionViewCell.m */,
				18E3C7C11FAA20BD00567350 /* OSFileCollectionViewController.h */,
				18E3C7B41FAA20BB00567350 /* OSFileCollectionViewController.m */,
				18E3C7B01FAA20BA00567350 /* OSFileCollectionViewFlowLayout.h */,
				18E3C7AE1FAA20BA00567350 /* OSFileCollectionViewFlowLayout.m */,
				18E3C7A41FAA20B800567350 /* OSFilePreviewViewController.h */,
				18E3C7B71FAA20BC00567350 /* OSFilePreviewViewController.m */,
				18E3C7A51FAA20B800567350 /* UIImage+XYImage.h */,
				18E3C7B81FAA20BC00567350 /* UIImage+XYImage.m */,
				18E3C7BD1FAA20BD00567350 /* UIImageView+XYExtension.h */,
				18E3C7A71FAA20B900567350 /* UIImageView+XYExtension.m */,
				18E3C7A91FAA20B900567350 /* UIViewController+XYExtensions.h */,
				18E3C7AA1FAA20B900567350 /* UIViewController+XYExtensions.m */,
				18E3C7E81FAA393B00567350 /* OSFileBrowser.bundle */,
			);
			name = OSFileBrowser;
			sourceTree = "<group>";
		};
		253C02E42EC323CC7769126E /* Pods */ = {
			isa = PBXGroup;
			children = (
				07AA40085D00647EE3E7C40A /* Pods-FileBrowser.debug.xcconfig */,
				74A5B4A7C29615AD3A855D5B /* Pods-FileBrowser.release.xcconfig */,
			);
			name = Pods;
			sourceTree = "<group>";
		};
		92BAC9D7815381157176AD4D /* Frameworks */ = {
			isa = PBXGroup;
			children = (
				C412FB3F274B4C9DA2C16484 /* libPods-FileBrowser.a */,
			);
			name = Frameworks;
			sourceTree = "<group>";
		};
		D0353DDA1FA9735C0082508D = {
			isa = PBXGroup;
			children = (
				18E3C7E41FAA20F800567350 /* OSFileBrowser */,
				D0353DE51FA9735C0082508D /* FileBrowser */,
				D0353DE41FA9735C0082508D /* Products */,
				253C02E42EC323CC7769126E /* Pods */,
				92BAC9D7815381157176AD4D /* Frameworks */,
			);
			sourceTree = "<group>";
		};
		D0353DE41FA9735C0082508D /* Products */ = {
			isa = PBXGroup;
			children = (
				D0353DE31FA9735C0082508D /* FileBrowser.app */,
			);
			name = Products;
			sourceTree = "<group>";
		};
		D0353DE51FA9735C0082508D /* FileBrowser */ = {
			isa = PBXGroup;
			children = (
				D0353DE61FA9735C0082508D /* OSFileBrowserAppDelegate.h */,
				D0353DE71FA9735C0082508D /* OSFileBrowserAppDelegate.m */,
				D0353DFE1FA9735C0082508D /* Supporting Files */,
			);
			path = FileBrowser;
			sourceTree = "<group>";
		};
		D0353DFE1FA9735C0082508D /* Supporting Files */ = {
			isa = PBXGroup;
			children = (
				D0353DEF1FA9735C0082508D /* Assets.xcassets */,
				D0353DF11FA9735C0082508D /* LaunchScreen.storyboard */,
				D0353DF41FA9735C0082508D /* Info.plist */,
				D0353DF51FA9735C0082508D /* main.m */,
			);
			name = "Supporting Files";
			sourceTree = "<group>";
		};
/* End PBXGroup section */

/* Begin PBXNativeTarget section */
		D0353DE21FA9735C0082508D /* FileBrowser */ = {
			isa = PBXNativeTarget;
			buildConfigurationList = D0353DF91FA9735C0082508D /* Build configuration list for PBXNativeTarget "FileBrowser" */;
			buildPhases = (
				CD216BD3FB2A29F122F87DE9 /* [CP] Check Pods Manifest.lock */,
				D0353DDF1FA9735C0082508D /* Sources */,
				D0353DE01FA9735C0082508D /* Frameworks */,
				D0353DE11FA9735C0082508D /* Resources */,
				D8DAA0979E8900C1AE9F8DF6 /* [CP] Embed Pods Frameworks */,
				EAFB50A680EF14FCF6DA7195 /* [CP] Copy Pods Resources */,
			);
			buildRules = (
			);
			dependencies = (
			);
			name = FileBrowser;
			productName = FileBrowser;
			productReference = D0353DE31FA9735C0082508D /* FileBrowser.app */;
			productType = "com.apple.product-type.application";
		};
/* End PBXNativeTarget section */

/* Begin PBXProject section */
		D0353DDB1FA9735C0082508D /* Project object */ = {
			isa = PBXProject;
			attributes = {
				LastUpgradeCheck = 0910;
				ORGANIZATIONNAME = xiaoyuan;
				TargetAttributes = {
					D0353DE21FA9735C0082508D = {
						CreatedOnToolsVersion = 9.1;
						ProvisioningStyle = Automatic;
					};
				};
			};
			buildConfigurationList = D0353DDE1FA9735C0082508D /* Build configuration list for PBXProject "FileBrowser" */;
			compatibilityVersion = "Xcode 8.0";
			developmentRegion = en;
			hasScannedForEncodings = 0;
			knownRegions = (
				en,
				Base,
			);
			mainGroup = D0353DDA1FA9735C0082508D;
			productRefGroup = D0353DE41FA9735C0082508D /* Products */;
			projectDirPath = "";
			projectRoot = "";
			targets = (
				D0353DE21FA9735C0082508D /* FileBrowser */,
			);
		};
/* End PBXProject section */

/* Begin PBXResourcesBuildPhase section */
		D0353DE11FA9735C0082508D /* Resources */ = {
			isa = PBXResourcesBuildPhase;
			buildActionMask = 2147483647;
			files = (
				18E3C7E91FAA393B00567350 /* OSFileBrowser.bundle in Resources */,
				D0353DF31FA9735C0082508D /* LaunchScreen.storyboard in Resources */,
				D0353DF01FA9735C0082508D /* Assets.xcassets in Resources */,
			);
			runOnlyForDeploymentPostprocessing = 0;
		};
/* End PBXResourcesBuildPhase section */

/* Begin PBXShellScriptBuildPhase section */
		CD216BD3FB2A29F122F87DE9 /* [CP] Check Pods Manifest.lock */ = {
			isa = PBXShellScriptBuildPhase;
			buildActionMask = 2147483647;
			files = (
			);
			inputPaths = (
			);
			name = "[CP] Check Pods Manifest.lock";
			outputPaths = (
			);
			runOnlyForDeploymentPostprocessing = 0;
			shellPath = /bin/sh;
			shellScript = "diff \"${PODS_ROOT}/../Podfile.lock\" \"${PODS_ROOT}/Manifest.lock\" > /dev/null\nif [ $? != 0 ] ; then\n    # print error to STDERR\n    echo \"error: The sandbox is not in sync with the Podfile.lock. Run 'pod install' or update your CocoaPods installation.\" >&2\n    exit 1\nfi\n";
			showEnvVarsInLog = 0;
		};
		D8DAA0979E8900C1AE9F8DF6 /* [CP] Embed Pods Frameworks */ = {
			isa = PBXShellScriptBuildPhase;
			buildActionMask = 2147483647;
			files = (
			);
			inputPaths = (
			);
			name = "[CP] Embed Pods Frameworks";
			outputPaths = (
			);
			runOnlyForDeploymentPostprocessing = 0;
			shellPath = /bin/sh;
			shellScript = "\"${SRCROOT}/Pods/Target Support Files/Pods-FileBrowser/Pods-FileBrowser-frameworks.sh\"\n";
			showEnvVarsInLog = 0;
		};
		EAFB50A680EF14FCF6DA7195 /* [CP] Copy Pods Resources */ = {
			isa = PBXShellScriptBuildPhase;
			buildActionMask = 2147483647;
			files = (
			);
			inputPaths = (
			);
			name = "[CP] Copy Pods Resources";
			outputPaths = (
			);
			runOnlyForDeploymentPostprocessing = 0;
			shellPath = /bin/sh;
			shellScript = "\"${SRCROOT}/Pods/Target Support Files/Pods-FileBrowser/Pods-FileBrowser-resources.sh\"\n";
			showEnvVarsInLog = 0;
		};
/* End PBXShellScriptBuildPhase section */

/* Begin PBXSourcesBuildPhase section */
		D0353DDF1FA9735C0082508D /* Sources */ = {
			isa = PBXSourcesBuildPhase;
			buildActionMask = 2147483647;
			files = (
				18E3C7C41FAA20BE00567350 /* OSFilePreviewViewController.h in Sources */,
				18E3C7C51FAA20BE00567350 /* UIImage+XYImage.h in Sources */,
				18E3C7C61FAA20BE00567350 /* OSFileCollectionViewCell.m in Sources */,
				18E3C7C71FAA20BE00567350 /* UIImageView+XYExtension.m in Sources */,
				18E3C7C81FAA20BE00567350 /* OSFile.h in Sources */,
				18E3C7C91FAA20BE00567350 /* UIViewController+XYExtensions.h in Sources */,
				18E3C7CA1FAA20BE00567350 /* UIViewController+XYExtensions.m in Sources */,
				18E3C7CD1FAA20BE00567350 /* OSFile.m in Sources */,
				18E3C7CE1FAA20BE00567350 /* OSFileCollectionViewFlowLayout.m in Sources */,
				18E3C7D01FAA20BE00567350 /* OSFileCollectionViewFlowLayout.h in Sources */,
				18E3C7D21FAA20BE00567350 /* NSString+OSFile.h in Sources */,
				18E3C7D31FAA20BE00567350 /* OSFileCollectionViewCell.h in Sources */,
				18E3C7D41FAA20BE00567350 /* OSFileCollectionViewController.m in Sources */,
				18E3C7D61FAA20BE00567350 /* OSFileAttributeItem.m in Sources */,
				18E3C7D71FAA20BE00567350 /* OSFilePreviewViewController.m in Sources */,
				18E3C7D81FAA20BE00567350 /* UIImage+XYImage.m in Sources */,
				18E3C7D91FAA20BE00567350 /* DirectoryWatcher.m in Sources */,
				18E3C7DA1FAA20BE00567350 /* NSDate+ESUtilities.m in Sources */,
				18E3C7DB1FAA20BE00567350 /* OSFileAttributeItem.h in Sources */,
				185A7F691FC1D8B700D66AC3 /* OSMimeTypeMap.m in Sources */,
				18E3C7DC1FAA20BE00567350 /* NSDate+ESUtilities.h in Sources */,
				18E3C7DD1FAA20BE00567350 /* UIImageView+XYExtension.h in Sources */,
				18E3C7DE1FAA20BE00567350 /* DirectoryWatcher.h in Sources */,
				185A7F671FC1D8B700D66AC3 /* MBProgressHUD+BBHUD.m in Sources */,
				18E3C7DF1FAA20BE00567350 /* NSString+OSFile.m in Sources */,
				18E3C7E01FAA20BE00567350 /* OSFileBottomHUD.h in Sources */,
				18E3C7E11FAA20BE00567350 /* OSFileCollectionViewController.h in Sources */,
				18E3C7E31FAA20BE00567350 /* OSFileBottomHUD.m in Sources */,
				D0353DF61FA9735C0082508D /* main.m in Sources */,
				D0353DE81FA9735C0082508D /* OSFileBrowserAppDelegate.m in Sources */,
				185A7F681FC1D8B700D66AC3 /* OSFileCollectionHeaderView.m in Sources */,
			);
			runOnlyForDeploymentPostprocessing = 0;
		};
/* End PBXSourcesBuildPhase section */

/* Begin PBXVariantGroup section */
		D0353DF11FA9735C0082508D /* LaunchScreen.storyboard */ = {
			isa = PBXVariantGroup;
			children = (
				D0353DF21FA9735C0082508D /* Base */,
			);
			name = LaunchScreen.storyboard;
			sourceTree = "<group>";
		};
/* End PBXVariantGroup section */

/* Begin XCBuildConfiguration section */
		D0353DF71FA9735C0082508D /* Debug */ = {
			isa = XCBuildConfiguration;
			buildSettings = {
				ALWAYS_SEARCH_USER_PATHS = NO;
				CLANG_ANALYZER_NONNULL = YES;
				CLANG_ANALYZER_NUMBER_OBJECT_CONVERSION = YES_AGGRESSIVE;
				CLANG_CXX_LANGUAGE_STANDARD = "gnu++14";
				CLANG_CXX_LIBRARY = "libc++";
				CLANG_ENABLE_MODULES = YES;
				CLANG_ENABLE_OBJC_ARC = YES;
				CLANG_WARN_BLOCK_CAPTURE_AUTORELEASING = YES;
				CLANG_WARN_BOOL_CONVERSION = YES;
				CLANG_WARN_COMMA = YES;
				CLANG_WARN_CONSTANT_CONVERSION = YES;
				CLANG_WARN_DIRECT_OBJC_ISA_USAGE = YES_ERROR;
				CLANG_WARN_DOCUMENTATION_COMMENTS = YES;
				CLANG_WARN_EMPTY_BODY = YES;
				CLANG_WARN_ENUM_CONVERSION = YES;
				CLANG_WARN_INFINITE_RECURSION = YES;
				CLANG_WARN_INT_CONVERSION = YES;
				CLANG_WARN_NON_LITERAL_NULL_CONVERSION = YES;
				CLANG_WARN_OBJC_LITERAL_CONVERSION = YES;
				CLANG_WARN_OBJC_ROOT_CLASS = YES_ERROR;
				CLANG_WARN_RANGE_LOOP_ANALYSIS = YES;
				CLANG_WARN_STRICT_PROTOTYPES = YES;
				CLANG_WARN_SUSPICIOUS_MOVE = YES;
				CLANG_WARN_UNGUARDED_AVAILABILITY = YES_AGGRESSIVE;
				CLANG_WARN_UNREACHABLE_CODE = YES;
				CLANG_WARN__DUPLICATE_METHOD_MATCH = YES;
				CODE_SIGN_IDENTITY = "iPhone Developer";
				COPY_PHASE_STRIP = NO;
				DEBUG_INFORMATION_FORMAT = dwarf;
				ENABLE_STRICT_OBJC_MSGSEND = YES;
				ENABLE_TESTABILITY = YES;
				GCC_C_LANGUAGE_STANDARD = gnu11;
				GCC_DYNAMIC_NO_PIC = NO;
				GCC_NO_COMMON_BLOCKS = YES;
				GCC_OPTIMIZATION_LEVEL = 0;
				GCC_PREPROCESSOR_DEFINITIONS = (
					"DEBUG=1",
					"$(inherited)",
				);
				GCC_WARN_64_TO_32_BIT_CONVERSION = YES;
				GCC_WARN_ABOUT_RETURN_TYPE = YES_ERROR;
				GCC_WARN_UNDECLARED_SELECTOR = YES;
				GCC_WARN_UNINITIALIZED_AUTOS = YES_AGGRESSIVE;
				GCC_WARN_UNUSED_FUNCTION = YES;
				GCC_WARN_UNUSED_VARIABLE = YES;
				IPHONEOS_DEPLOYMENT_TARGET = 11.1;
				MTL_ENABLE_DEBUG_INFO = YES;
				ONLY_ACTIVE_ARCH = YES;
				SDKROOT = iphoneos;
			};
			name = Debug;
		};
		D0353DF81FA9735C0082508D /* Release */ = {
			isa = XCBuildConfiguration;
			buildSettings = {
				ALWAYS_SEARCH_USER_PATHS = NO;
				CLANG_ANALYZER_NONNULL = YES;
				CLANG_ANALYZER_NUMBER_OBJECT_CONVERSION = YES_AGGRESSIVE;
				CLANG_CXX_LANGUAGE_STANDARD = "gnu++14";
				CLANG_CXX_LIBRARY = "libc++";
				CLANG_ENABLE_MODULES = YES;
				CLANG_ENABLE_OBJC_ARC = YES;
				CLANG_WARN_BLOCK_CAPTURE_AUTORELEASING = YES;
				CLANG_WARN_BOOL_CONVERSION = YES;
				CLANG_WARN_COMMA = YES;
				CLANG_WARN_CONSTANT_CONVERSION = YES;
				CLANG_WARN_DIRECT_OBJC_ISA_USAGE = YES_ERROR;
				CLANG_WARN_DOCUMENTATION_COMMENTS = YES;
				CLANG_WARN_EMPTY_BODY = YES;
				CLANG_WARN_ENUM_CONVERSION = YES;
				CLANG_WARN_INFINITE_RECURSION = YES;
				CLANG_WARN_INT_CONVERSION = YES;
				CLANG_WARN_NON_LITERAL_NULL_CONVERSION = YES;
				CLANG_WARN_OBJC_LITERAL_CONVERSION = YES;
				CLANG_WARN_OBJC_ROOT_CLASS = YES_ERROR;
				CLANG_WARN_RANGE_LOOP_ANALYSIS = YES;
				CLANG_WARN_STRICT_PROTOTYPES = YES;
				CLANG_WARN_SUSPICIOUS_MOVE = YES;
				CLANG_WARN_UNGUARDED_AVAILABILITY = YES_AGGRESSIVE;
				CLANG_WARN_UNREACHABLE_CODE = YES;
				CLANG_WARN__DUPLICATE_METHOD_MATCH = YES;
				CODE_SIGN_IDENTITY = "iPhone Developer";
				COPY_PHASE_STRIP = NO;
				DEBUG_INFORMATION_FORMAT = "dwarf-with-dsym";
				ENABLE_NS_ASSERTIONS = NO;
				ENABLE_STRICT_OBJC_MSGSEND = YES;
				GCC_C_LANGUAGE_STANDARD = gnu11;
				GCC_NO_COMMON_BLOCKS = YES;
				GCC_WARN_64_TO_32_BIT_CONVERSION = YES;
				GCC_WARN_ABOUT_RETURN_TYPE = YES_ERROR;
				GCC_WARN_UNDECLARED_SELECTOR = YES;
				GCC_WARN_UNINITIALIZED_AUTOS = YES_AGGRESSIVE;
				GCC_WARN_UNUSED_FUNCTION = YES;
				GCC_WARN_UNUSED_VARIABLE = YES;
				IPHONEOS_DEPLOYMENT_TARGET = 11.1;
				MTL_ENABLE_DEBUG_INFO = NO;
				SDKROOT = iphoneos;
				VALIDATE_PRODUCT = YES;
			};
			name = Release;
		};
		D0353DFA1FA9735C0082508D /* Debug */ = {
			isa = XCBuildConfiguration;
			baseConfigurationReference = 07AA40085D00647EE3E7C40A /* Pods-FileBrowser.debug.xcconfig */;
			buildSettings = {
				ALWAYS_SEARCH_USER_PATHS = YES;
				ASSETCATALOG_COMPILER_APPICON_NAME = AppIcon;
				"CODE_SIGN_IDENTITY[sdk=iphoneos*]" = "iPhone Developer";
				CODE_SIGN_STYLE = Automatic;
				DEVELOPMENT_TEAM = NKW67GFDHM;
				INFOPLIST_FILE = FileBrowser/Info.plist;
				IPHONEOS_DEPLOYMENT_TARGET = 8.0;
				LD_RUNPATH_SEARCH_PATHS = "$(inherited) @executable_path/Frameworks";
				PRODUCT_BUNDLE_IDENTIFIER = com.ossey.fileBrowser;
				PRODUCT_NAME = "$(TARGET_NAME)";
				PROVISIONING_PROFILE = "";
				PROVISIONING_PROFILE_SPECIFIER = "";
				TARGETED_DEVICE_FAMILY = "1,2";
			};
			name = Debug;
		};
		D0353DFB1FA9735C0082508D /* Release */ = {
			isa = XCBuildConfiguration;
			baseConfigurationReference = 74A5B4A7C29615AD3A855D5B /* Pods-FileBrowser.release.xcconfig */;
			buildSettings = {
				ALWAYS_SEARCH_USER_PATHS = YES;
				ASSETCATALOG_COMPILER_APPICON_NAME = AppIcon;
				"CODE_SIGN_IDENTITY[sdk=iphoneos*]" = "iPhone Developer";
				CODE_SIGN_STYLE = Automatic;
				DEVELOPMENT_TEAM = NKW67GFDHM;
				INFOPLIST_FILE = FileBrowser/Info.plist;
				IPHONEOS_DEPLOYMENT_TARGET = 8.0;
				LD_RUNPATH_SEARCH_PATHS = "$(inherited) @executable_path/Frameworks";
				PRODUCT_BUNDLE_IDENTIFIER = com.ossey.fileBrowser;
				PRODUCT_NAME = "$(TARGET_NAME)";
				PROVISIONING_PROFILE = "";
				PROVISIONING_PROFILE_SPECIFIER = "";
				TARGETED_DEVICE_FAMILY = "1,2";
			};
			name = Release;
		};
/* End XCBuildConfiguration section */

/* Begin XCConfigurationList section */
		D0353DDE1FA9735C0082508D /* Build configuration list for PBXProject "FileBrowser" */ = {
			isa = XCConfigurationList;
			buildConfigurations = (
				D0353DF71FA9735C0082508D /* Debug */,
				D0353DF81FA9735C0082508D /* Release */,
			);
			defaultConfigurationIsVisible = 0;
			defaultConfigurationName = Release;
		};
		D0353DF91FA9735C0082508D /* Build configuration list for PBXNativeTarget "FileBrowser" */ = {
			isa = XCConfigurationList;
			buildConfigurations = (
				D0353DFA1FA9735C0082508D /* Debug */,
				D0353DFB1FA9735C0082508D /* Release */,
			);
			defaultConfigurationIsVisible = 0;
			defaultConfigurationName = Release;
		};
/* End XCConfigurationList section */
	};
	rootObject = D0353DDB1FA9735C0082508D /* Project object */;
}
