// !$*UTF8*$!
{
	archiveVersion = 1;
	classes = {
	};
	objectVersion = 48;
	objects = {

/* Begin PBXBuildFile section */
		D0353DE81FA9735C0082508D /* OSFileBrowserAppDelegate.m in Sources */ = {isa = PBXBuildFile; fileRef = D0353DE71FA9735C0082508D /* OSFileBrowserAppDelegate.m */; };
		D0353DEE1FA9735C0082508D /* Main.storyboard in Resources */ = {isa = PBXBuildFile; fileRef = D0353DEC1FA9735C0082508D /* Main.storyboard */; };
		D0353DF01FA9735C0082508D /* Assets.xcassets in Resources */ = {isa = PBXBuildFile; fileRef = D0353DEF1FA9735C0082508D /* Assets.xcassets */; };
		D0353DF31FA9735C0082508D /* LaunchScreen.storyboard in Resources */ = {isa = PBXBuildFile; fileRef = D0353DF11FA9735C0082508D /* LaunchScreen.storyboard */; };
		D0353DF61FA9735C0082508D /* main.m in Sources */ = {isa = PBXBuildFile; fileRef = D0353DF51FA9735C0082508D /* main.m */; };
		D0353E011FA9735C0082508D /* OSFileCollectionViewController.m in Sources */ = {isa = PBXBuildFile; fileRef = D0353E001FA9735C0082508D /* OSFileCollectionViewController.m */; };
		D0353E041FA9735C0082508D /* OSFileCollectionViewCell.m in Sources */ = {isa = PBXBuildFile; fileRef = D0353E031FA9735C0082508D /* OSFileCollectionViewCell.m */; };
		D0353E071FA9735C0082508D /* FilePreviewViewController.m in Sources */ = {isa = PBXBuildFile; fileRef = D0353E061FA9735C0082508D /* FilePreviewViewController.m */; };
		D0353E0A1FA9735C0082508D /* OSFileBottomHUD.m in Sources */ = {isa = PBXBuildFile; fileRef = D0353E091FA9735C0082508D /* OSFileBottomHUD.m */; };
		D0353E0D1FA9735C0082508D /* OSFileAttributeItem.m in Sources */ = {isa = PBXBuildFile; fileRef = D0353E0C1FA9735C0082508D /* OSFileAttributeItem.m */; };
		D0353E101FA9735C0082508D /* OSFileCollectionViewFlowLayout.m in Sources */ = {isa = PBXBuildFile; fileRef = D0353E0F1FA9735C0082508D /* OSFileCollectionViewFlowLayout.m */; };
		D0353E131FA9735C0082508D /* OSFile.m in Sources */ = {isa = PBXBuildFile; fileRef = D0353E121FA9735C0082508D /* OSFile.m */; };
		D0353E161FA9735C0082508D /* NSString+OSFile.m in Sources */ = {isa = PBXBuildFile; fileRef = D0353E151FA9735C0082508D /* NSString+OSFile.m */; };
		D0353E191FA9735C0082508D /* NSString+OSDrawingAdditions.m in Sources */ = {isa = PBXBuildFile; fileRef = D0353E171FA9735C0082508D /* NSString+OSDrawingAdditions.m */; };
/* End PBXBuildFile section */

/* Begin PBXFileReference section */
		D0353DE31FA9735C0082508D /* FileBrowser.app */ = {isa = PBXFileReference; explicitFileType = wrapper.application; includeInIndex = 0; path = FileBrowser.app; sourceTree = BUILT_PRODUCTS_DIR; };
		D0353DE61FA9735C0082508D /* OSFileBrowserAppDelegate.h */ = {isa = PBXFileReference; lastKnownFileType = sourcecode.c.h; path = OSFileBrowserAppDelegate.h; sourceTree = "<group>"; };
		D0353DE71FA9735C0082508D /* OSFileBrowserAppDelegate.m */ = {isa = PBXFileReference; lastKnownFileType = sourcecode.c.objc; path = OSFileBrowserAppDelegate.m; sourceTree = "<group>"; };
		D0353DED1FA9735C0082508D /* Base */ = {isa = PBXFileReference; lastKnownFileType = file.storyboard; name = Base; path = Base.lproj/Main.storyboard; sourceTree = "<group>"; };
		D0353DEF1FA9735C0082508D /* Assets.xcassets */ = {isa = PBXFileReference; lastKnownFileType = folder.assetcatalog; path = Assets.xcassets; sourceTree = "<group>"; };
		D0353DF21FA9735C0082508D /* Base */ = {isa = PBXFileReference; lastKnownFileType = file.storyboard; name = Base; path = Base.lproj/LaunchScreen.storyboard; sourceTree = "<group>"; };
		D0353DF41FA9735C0082508D /* Info.plist */ = {isa = PBXFileReference; lastKnownFileType = text.plist.xml; path = Info.plist; sourceTree = "<group>"; };
		D0353DF51FA9735C0082508D /* main.m */ = {isa = PBXFileReference; lastKnownFileType = sourcecode.c.objc; path = main.m; sourceTree = "<group>"; };
		D0353DFF1FA9735C0082508D /* OSFileCollectionViewController.h */ = {isa = PBXFileReference; lastKnownFileType = sourcecode.c.h; path = OSFileCollectionViewController.h; sourceTree = "<group>"; };
		D0353E001FA9735C0082508D /* OSFileCollectionViewController.m */ = {isa = PBXFileReference; lastKnownFileType = sourcecode.c.objc; path = OSFileCollectionViewController.m; sourceTree = "<group>"; };
		D0353E021FA9735C0082508D /* OSFileCollectionViewCell.h */ = {isa = PBXFileReference; lastKnownFileType = sourcecode.c.h; path = OSFileCollectionViewCell.h; sourceTree = "<group>"; };
		D0353E031FA9735C0082508D /* OSFileCollectionViewCell.m */ = {isa = PBXFileReference; lastKnownFileType = sourcecode.c.objc; path = OSFileCollectionViewCell.m; sourceTree = "<group>"; };
		D0353E051FA9735C0082508D /* FilePreviewViewController.h */ = {isa = PBXFileReference; lastKnownFileType = sourcecode.c.h; path = FilePreviewViewController.h; sourceTree = "<group>"; };
		D0353E061FA9735C0082508D /* FilePreviewViewController.m */ = {isa = PBXFileReference; lastKnownFileType = sourcecode.c.objc; path = FilePreviewViewController.m; sourceTree = "<group>"; };
		D0353E081FA9735C0082508D /* OSFileBottomHUD.h */ = {isa = PBXFileReference; lastKnownFileType = sourcecode.c.h; path = OSFileBottomHUD.h; sourceTree = "<group>"; };
		D0353E091FA9735C0082508D /* OSFileBottomHUD.m */ = {isa = PBXFileReference; lastKnownFileType = sourcecode.c.objc; path = OSFileBottomHUD.m; sourceTree = "<group>"; };
		D0353E0B1FA9735C0082508D /* OSFileAttributeItem.h */ = {isa = PBXFileReference; lastKnownFileType = sourcecode.c.h; path = OSFileAttributeItem.h; sourceTree = "<group>"; };
		D0353E0C1FA9735C0082508D /* OSFileAttributeItem.m */ = {isa = PBXFileReference; lastKnownFileType = sourcecode.c.objc; path = OSFileAttributeItem.m; sourceTree = "<group>"; };
		D0353E0E1FA9735C0082508D /* OSFileCollectionViewFlowLayout.h */ = {isa = PBXFileReference; lastKnownFileType = sourcecode.c.h; path = OSFileCollectionViewFlowLayout.h; sourceTree = "<group>"; };
		D0353E0F1FA9735C0082508D /* OSFileCollectionViewFlowLayout.m */ = {isa = PBXFileReference; lastKnownFileType = sourcecode.c.objc; path = OSFileCollectionViewFlowLayout.m; sourceTree = "<group>"; };
		D0353E111FA9735C0082508D /* OSFile.h */ = {isa = PBXFileReference; lastKnownFileType = sourcecode.c.h; path = OSFile.h; sourceTree = "<group>"; };
		D0353E121FA9735C0082508D /* OSFile.m */ = {isa = PBXFileReference; lastKnownFileType = sourcecode.c.objc; path = OSFile.m; sourceTree = "<group>"; };
		D0353E141FA9735C0082508D /* NSString+OSFile.h */ = {isa = PBXFileReference; fileEncoding = 4; lastKnownFileType = sourcecode.c.h; path = "NSString+OSFile.h"; sourceTree = "<group>"; };
		D0353E151FA9735C0082508D /* NSString+OSFile.m */ = {isa = PBXFileReference; fileEncoding = 4; lastKnownFileType = sourcecode.c.objc; path = "NSString+OSFile.m"; sourceTree = "<group>"; };
		D0353E171FA9735C0082508D /* NSString+OSDrawingAdditions.m */ = {isa = PBXFileReference; fileEncoding = 4; lastKnownFileType = sourcecode.c.objc; path = "NSString+OSDrawingAdditions.m"; sourceTree = "<group>"; };
		D0353E181FA9735C0082508D /* NSString+OSDrawingAdditions.h */ = {isa = PBXFileReference; fileEncoding = 4; lastKnownFileType = sourcecode.c.h; path = "NSString+OSDrawingAdditions.h"; sourceTree = "<group>"; };
/* End PBXFileReference section */

/* Begin PBXFrameworksBuildPhase section */
		D0353DE01FA9735C0082508D /* Frameworks */ = {
			isa = PBXFrameworksBuildPhase;
			buildActionMask = 2147483647;
			files = (
			);
			runOnlyForDeploymentPostprocessing = 0;
		};
/* End PBXFrameworksBuildPhase section */

/* Begin PBXGroup section */
		D0353DDA1FA9735C0082508D = {
			isa = PBXGroup;
			children = (
				D0353DE51FA9735C0082508D /* FileBrowser */,
				D0353DE41FA9735C0082508D /* Products */,
			);
			sourceTree = "<group>";
		};
		D0353DE41FA9735C0082508D /* Products */ = {
			isa = PBXGroup;
			children = (
				D0353DE31FA9735C0082508D /* FileBrowser.app */,
			);
			name = Products;
			sourceTree = "<group>";
		};
		D0353DE51FA9735C0082508D /* FileBrowser */ = {
			isa = PBXGroup;
			children = (
				D0353DE61FA9735C0082508D /* OSFileBrowserAppDelegate.h */,
				D0353DE71FA9735C0082508D /* OSFileBrowserAppDelegate.m */,
				D0353DFF1FA9735C0082508D /* OSFileCollectionViewController.h */,
				D0353E001FA9735C0082508D /* OSFileCollectionViewController.m */,
				D0353E021FA9735C0082508D /* OSFileCollectionViewCell.h */,
				D0353E031FA9735C0082508D /* OSFileCollectionViewCell.m */,
				D0353E051FA9735C0082508D /* FilePreviewViewController.h */,
				D0353E061FA9735C0082508D /* FilePreviewViewController.m */,
				D0353E081FA9735C0082508D /* OSFileBottomHUD.h */,
				D0353E091FA9735C0082508D /* OSFileBottomHUD.m */,
				D0353E0B1FA9735C0082508D /* OSFileAttributeItem.h */,
				D0353E0C1FA9735C0082508D /* OSFileAttributeItem.m */,
				D0353E0E1FA9735C0082508D /* OSFileCollectionViewFlowLayout.h */,
				D0353E0F1FA9735C0082508D /* OSFileCollectionViewFlowLayout.m */,
				D0353E111FA9735C0082508D /* OSFile.h */,
				D0353E121FA9735C0082508D /* OSFile.m */,
				D0353E141FA9735C0082508D /* NSString+OSFile.h */,
				D0353E151FA9735C0082508D /* NSString+OSFile.m */,
				D0353E181FA9735C0082508D /* NSString+OSDrawingAdditions.h */,
				D0353E171FA9735C0082508D /* NSString+OSDrawingAdditions.m */,
				D0353DFE1FA9735C0082508D /* Supporting Files */,
			);
			path = FileBrowser;
			sourceTree = "<group>";
		};
		D0353DFE1FA9735C0082508D /* Supporting Files */ = {
			isa = PBXGroup;
			children = (
				D0353DEC1FA9735C0082508D /* Main.storyboard */,
				D0353DEF1FA9735C0082508D /* Assets.xcassets */,
				D0353DF11FA9735C0082508D /* LaunchScreen.storyboard */,
				D0353DF41FA9735C0082508D /* Info.plist */,
				D0353DF51FA9735C0082508D /* main.m */,
			);
			name = "Supporting Files";
			sourceTree = "<group>";
		};
/* End PBXGroup section */

/* Begin PBXNativeTarget section */
		D0353DE21FA9735C0082508D /* FileBrowser */ = {
			isa = PBXNativeTarget;
			buildConfigurationList = D0353DF91FA9735C0082508D /* Build configuration list for PBXNativeTarget "FileBrowser" */;
			buildPhases = (
				D0353DDF1FA9735C0082508D /* Sources */,
				D0353DE01FA9735C0082508D /* Frameworks */,
				D0353DE11FA9735C0082508D /* Resources */,
			);
			buildRules = (
			);
			dependencies = (
			);
			name = FileBrowser;
			productName = FileBrowser;
			productReference = D0353DE31FA9735C0082508D /* FileBrowser.app */;
			productType = "com.apple.product-type.application";
		};
/* End PBXNativeTarget section */

/* Begin PBXProject section */
		D0353DDB1FA9735C0082508D /* Project object */ = {
			isa = PBXProject;
			attributes = {
				LastUpgradeCheck = 0910;
				ORGANIZATIONNAME = xiaoyuan;
				TargetAttributes = {
					D0353DE21FA9735C0082508D = {
						CreatedOnToolsVersion = 9.1;
						ProvisioningStyle = Automatic;
					};
				};
			};
			buildConfigurationList = D0353DDE1FA9735C0082508D /* Build configuration list for PBXProject "FileBrowser" */;
			compatibilityVersion = "Xcode 8.0";
			developmentRegion = en;
			hasScannedForEncodings = 0;
			knownRegions = (
				en,
				Base,
			);
			mainGroup = D0353DDA1FA9735C0082508D;
			productRefGroup = D0353DE41FA9735C0082508D /* Products */;
			projectDirPath = "";
			projectRoot = "";
			targets = (
				D0353DE21FA9735C0082508D /* FileBrowser */,
			);
		};
/* End PBXProject section */

/* Begin PBXResourcesBuildPhase section */
		D0353DE11FA9735C0082508D /* Resources */ = {
			isa = PBXResourcesBuildPhase;
			buildActionMask = 2147483647;
			files = (
				D0353DF31FA9735C0082508D /* LaunchScreen.storyboard in Resources */,
				D0353DF01FA9735C0082508D /* Assets.xcassets in Resources */,
				D0353DEE1FA9735C0082508D /* Main.storyboard in Resources */,
			);
			runOnlyForDeploymentPostprocessing = 0;
		};
/* End PBXResourcesBuildPhase section */

/* Begin PBXSourcesBuildPhase section */
		D0353DDF1FA9735C0082508D /* Sources */ = {
			isa = PBXSourcesBuildPhase;
			buildActionMask = 2147483647;
			files = (
				D0353E011FA9735C0082508D /* OSFileCollectionViewController.m in Sources */,
				D0353E0A1FA9735C0082508D /* OSFileBottomHUD.m in Sources */,
				D0353E071FA9735C0082508D /* FilePreviewViewController.m in Sources */,
				D0353E131FA9735C0082508D /* OSFile.m in Sources */,
				D0353E0D1FA9735C0082508D /* OSFileAttributeItem.m in Sources */,
				D0353E161FA9735C0082508D /* NSString+OSFile.m in Sources */,
				D0353E101FA9735C0082508D /* OSFileCollectionViewFlowLayout.m in Sources */,
				D0353E041FA9735C0082508D /* OSFileCollectionViewCell.m in Sources */,
				D0353DF61FA9735C0082508D /* main.m in Sources */,
				D0353DE81FA9735C0082508D /* OSFileBrowserAppDelegate.m in Sources */,
				D0353E191FA9735C0082508D /* NSString+OSDrawingAdditions.m in Sources */,
			);
			runOnlyForDeploymentPostprocessing = 0;
		};
/* End PBXSourcesBuildPhase section */

/* Begin PBXVariantGroup section */
		D0353DEC1FA9735C0082508D /* Main.storyboard */ = {
			isa = PBXVariantGroup;
			children = (
				D0353DED1FA9735C0082508D /* Base */,
			);
			name = Main.storyboard;
			sourceTree = "<group>";
		};
		D0353DF11FA9735C0082508D /* LaunchScreen.storyboard */ = {
			isa = PBXVariantGroup;
			children = (
				D0353DF21FA9735C0082508D /* Base */,
			);
			name = LaunchScreen.storyboard;
			sourceTree = "<group>";
		};
/* End PBXVariantGroup section */

/* Begin XCBuildConfiguration section */
		D0353DF71FA9735C0082508D /* Debug */ = {
			isa = XCBuildConfiguration;
			buildSettings = {
				ALWAYS_SEARCH_USER_PATHS = NO;
				CLANG_ANALYZER_NONNULL = YES;
				CLANG_ANALYZER_NUMBER_OBJECT_CONVERSION = YES_AGGRESSIVE;
				CLANG_CXX_LANGUAGE_STANDARD = "gnu++14";
				CLANG_CXX_LIBRARY = "libc++";
				CLANG_ENABLE_MODULES = YES;
				CLANG_ENABLE_OBJC_ARC = YES;
				CLANG_WARN_BLOCK_CAPTURE_AUTORELEASING = YES;
				CLANG_WARN_BOOL_CONVERSION = YES;
				CLANG_WARN_COMMA = YES;
				CLANG_WARN_CONSTANT_CONVERSION = YES;
				CLANG_WARN_DIRECT_OBJC_ISA_USAGE = YES_ERROR;
				CLANG_WARN_DOCUMENTATION_COMMENTS = YES;
				CLANG_WARN_EMPTY_BODY = YES;
				CLANG_WARN_ENUM_CONVERSION = YES;
				CLANG_WARN_INFINITE_RECURSION = YES;
				CLANG_WARN_INT_CONVERSION = YES;
				CLANG_WARN_NON_LITERAL_NULL_CONVERSION = YES;
				CLANG_WARN_OBJC_LITERAL_CONVERSION = YES;
				CLANG_WARN_OBJC_ROOT_CLASS = YES_ERROR;
				CLANG_WARN_RANGE_LOOP_ANALYSIS = YES;
				CLANG_WARN_STRICT_PROTOTYPES = YES;
				CLANG_WARN_SUSPICIOUS_MOVE = YES;
				CLANG_WARN_UNGUARDED_AVAILABILITY = YES_AGGRESSIVE;
				CLANG_WARN_UNREACHABLE_CODE = YES;
				CLANG_WARN__DUPLICATE_METHOD_MATCH = YES;
				CODE_SIGN_IDENTITY = "iPhone Developer";
				COPY_PHASE_STRIP = NO;
				DEBUG_INFORMATION_FORMAT = dwarf;
				ENABLE_STRICT_OBJC_MSGSEND = YES;
				ENABLE_TESTABILITY = YES;
				GCC_C_LANGUAGE_STANDARD = gnu11;
				GCC_DYNAMIC_NO_PIC = NO;
				GCC_NO_COMMON_BLOCKS = YES;
				GCC_OPTIMIZATION_LEVEL = 0;
				GCC_PREPROCESSOR_DEFINITIONS = (
					"DEBUG=1",
					"$(inherited)",
				);
				GCC_WARN_64_TO_32_BIT_CONVERSION = YES;
				GCC_WARN_ABOUT_RETURN_TYPE = YES_ERROR;
				GCC_WARN_UNDECLARED_SELECTOR = YES;
				GCC_WARN_UNINITIALIZED_AUTOS = YES_AGGRESSIVE;
				GCC_WARN_UNUSED_FUNCTION = YES;
				GCC_WARN_UNUSED_VARIABLE = YES;
				IPHONEOS_DEPLOYMENT_TARGET = 11.1;
				MTL_ENABLE_DEBUG_INFO = YES;
				ONLY_ACTIVE_ARCH = YES;
				SDKROOT = iphoneos;
			};
			name = Debug;
		};
		D0353DF81FA9735C0082508D /* Release */ = {
			isa = XCBuildConfiguration;
			buildSettings = {
				ALWAYS_SEARCH_USER_PATHS = NO;
				CLANG_ANALYZER_NONNULL = YES;
				CLANG_ANALYZER_NUMBER_OBJECT_CONVERSION = YES_AGGRESSIVE;
				CLANG_CXX_LANGUAGE_STANDARD = "gnu++14";
				CLANG_CXX_LIBRARY = "libc++";
				CLANG_ENABLE_MODULES = YES;
				CLANG_ENABLE_OBJC_ARC = YES;
				CLANG_WARN_BLOCK_CAPTURE_AUTORELEASING = YES;
				CLANG_WARN_BOOL_CONVERSION = YES;
				CLANG_WARN_COMMA = YES;
				CLANG_WARN_CONSTANT_CONVERSION = YES;
				CLANG_WARN_DIRECT_OBJC_ISA_USAGE = YES_ERROR;
				CLANG_WARN_DOCUMENTATION_COMMENTS = YES;
				CLANG_WARN_EMPTY_BODY = YES;
				CLANG_WARN_ENUM_CONVERSION = YES;
				CLANG_WARN_INFINITE_RECURSION = YES;
				CLANG_WARN_INT_CONVERSION = YES;
				CLANG_WARN_NON_LITERAL_NULL_CONVERSION = YES;
				CLANG_WARN_OBJC_LITERAL_CONVERSION = YES;
				CLANG_WARN_OBJC_ROOT_CLASS = YES_ERROR;
				CLANG_WARN_RANGE_LOOP_ANALYSIS = YES;
				CLANG_WARN_STRICT_PROTOTYPES = YES;
				CLANG_WARN_SUSPICIOUS_MOVE = YES;
				CLANG_WARN_UNGUARDED_AVAILABILITY = YES_AGGRESSIVE;
				CLANG_WARN_UNREACHABLE_CODE = YES;
				CLANG_WARN__DUPLICATE_METHOD_MATCH = YES;
				CODE_SIGN_IDENTITY = "iPhone Developer";
				COPY_PHASE_STRIP = NO;
				DEBUG_INFORMATION_FORMAT = "dwarf-with-dsym";
				ENABLE_NS_ASSERTIONS = NO;
				ENABLE_STRICT_OBJC_MSGSEND = YES;
				GCC_C_LANGUAGE_STANDARD = gnu11;
				GCC_NO_COMMON_BLOCKS = YES;
				GCC_WARN_64_TO_32_BIT_CONVERSION = YES;
				GCC_WARN_ABOUT_RETURN_TYPE = YES_ERROR;
				GCC_WARN_UNDECLARED_SELECTOR = YES;
				GCC_WARN_UNINITIALIZED_AUTOS = YES_AGGRESSIVE;
				GCC_WARN_UNUSED_FUNCTION = YES;
				GCC_WARN_UNUSED_VARIABLE = YES;
				IPHONEOS_DEPLOYMENT_TARGET = 11.1;
				MTL_ENABLE_DEBUG_INFO = NO;
				SDKROOT = iphoneos;
				VALIDATE_PRODUCT = YES;
			};
			name = Release;
		};
		D0353DFA1FA9735C0082508D /* Debug */ = {
			isa = XCBuildConfiguration;
			buildSettings = {
				ASSETCATALOG_COMPILER_APPICON_NAME = AppIcon;
				CODE_SIGN_STYLE = Automatic;
				DEVELOPMENT_TEAM = NKW67GFDHM;
				INFOPLIST_FILE = FileBrowser/Info.plist;
				IPHONEOS_DEPLOYMENT_TARGET = 8.0;
				LD_RUNPATH_SEARCH_PATHS = "$(inherited) @executable_path/Frameworks";
				PRODUCT_BUNDLE_IDENTIFIER = ossey.FileBrowser;
				PRODUCT_NAME = "$(TARGET_NAME)";
				TARGETED_DEVICE_FAMILY = "1,2";
			};
			name = Debug;
		};
		D0353DFB1FA9735C0082508D /* Release */ = {
			isa = XCBuildConfiguration;
			buildSettings = {
				ASSETCATALOG_COMPILER_APPICON_NAME = AppIcon;
				CODE_SIGN_STYLE = Automatic;
				DEVELOPMENT_TEAM = NKW67GFDHM;
				INFOPLIST_FILE = FileBrowser/Info.plist;
				IPHONEOS_DEPLOYMENT_TARGET = 8.0;
				LD_RUNPATH_SEARCH_PATHS = "$(inherited) @executable_path/Frameworks";
				PRODUCT_BUNDLE_IDENTIFIER = ossey.FileBrowser;
				PRODUCT_NAME = "$(TARGET_NAME)";
				TARGETED_DEVICE_FAMILY = "1,2";
			};
			name = Release;
		};
/* End XCBuildConfiguration section */

/* Begin XCConfigurationList section */
		D0353DDE1FA9735C0082508D /* Build configuration list for PBXProject "FileBrowser" */ = {
			isa = XCConfigurationList;
			buildConfigurations = (
				D0353DF71FA9735C0082508D /* Debug */,
				D0353DF81FA9735C0082508D /* Release */,
			);
			defaultConfigurationIsVisible = 0;
			defaultConfigurationName = Release;
		};
		D0353DF91FA9735C0082508D /* Build configuration list for PBXNativeTarget "FileBrowser" */ = {
			isa = XCConfigurationList;
			buildConfigurations = (
				D0353DFA1FA9735C0082508D /* Debug */,
				D0353DFB1FA9735C0082508D /* Release */,
			);
			defaultConfigurationIsVisible = 0;
			defaultConfigurationName = Release;
		};
/* End XCConfigurationList section */
	};
	rootObject = D0353DDB1FA9735C0082508D /* Project object */;
}
