// !$*UTF8*$!
{
	archiveVersion = 1;
	classes = {
	};
	objectVersion = 48;
	objects = {

/* Begin PBXAggregateTarget section */
		D0D0BC011FDE89E600EC546C /* FileBrowserAggregate */ = {
			isa = PBXAggregateTarget;
			buildConfigurationList = D0D0BC041FDE89E600EC546C /* Build configuration list for PBXAggregateTarget "FileBrowserAggregate" */;
			buildPhases = (
				D0D0BC051FDE8A0500EC546C /* ShellScript */,
			);
			dependencies = (
				D0BF29131FE10FD50055E3AB /* PBXTargetDependency */,
			);
			name = FileBrowserAggregate;
			productName = FileBrowserAggregate;
		};
/* End PBXAggregateTarget section */

/* Begin PBXBuildFile section */
		181F96AB1FCC468000237588 /* UIScrollView+RollView.m in Sources */ = {isa = PBXBuildFile; fileRef = 181F96AA1FCC468000237588 /* UIScrollView+RollView.m */; };
		185A7F671FC1D8B700D66AC3 /* MBProgressHUD+BBHUD.m in Sources */ = {isa = PBXBuildFile; fileRef = 185A7F611FC1D8B600D66AC3 /* MBProgressHUD+BBHUD.m */; };
		185A7F681FC1D8B700D66AC3 /* OSFileCollectionHeaderView.m in Sources */ = {isa = PBXBuildFile; fileRef = 185A7F621FC1D8B600D66AC3 /* OSFileCollectionHeaderView.m */; };
		185A7F691FC1D8B700D66AC3 /* OSMimeTypeMap.m in Sources */ = {isa = PBXBuildFile; fileRef = 185A7F651FC1D8B700D66AC3 /* OSMimeTypeMap.m */; };
		18E3C7C41FAA20BE00567350 /* OSFilePreviewViewController.h in Sources */ = {isa = PBXBuildFile; fileRef = 18E3C7A41FAA20B800567350 /* OSFilePreviewViewController.h */; };
		18E3C7C51FAA20BE00567350 /* UIImage+XYImage.h in Sources */ = {isa = PBXBuildFile; fileRef = 18E3C7A51FAA20B800567350 /* UIImage+XYImage.h */; };
		18E3C7C61FAA20BE00567350 /* OSFileCollectionViewCell.m in Sources */ = {isa = PBXBuildFile; fileRef = 18E3C7A61FAA20B800567350 /* OSFileCollectionViewCell.m */; };
		18E3C7C71FAA20BE00567350 /* UIImageView+XYExtension.m in Sources */ = {isa = PBXBuildFile; fileRef = 18E3C7A71FAA20B900567350 /* UIImageView+XYExtension.m */; };
		18E3C7C81FAA20BE00567350 /* OSFile.h in Sources */ = {isa = PBXBuildFile; fileRef = 18E3C7A81FAA20B900567350 /* OSFile.h */; };
		18E3C7C91FAA20BE00567350 /* UIViewController+XYExtensions.h in Sources */ = {isa = PBXBuildFile; fileRef = 18E3C7A91FAA20B900567350 /* UIViewController+XYExtensions.h */; };
		18E3C7CA1FAA20BE00567350 /* UIViewController+XYExtensions.m in Sources */ = {isa = PBXBuildFile; fileRef = 18E3C7AA1FAA20B900567350 /* UIViewController+XYExtensions.m */; };
		18E3C7CD1FAA20BE00567350 /* OSFile.m in Sources */ = {isa = PBXBuildFile; fileRef = 18E3C7AD1FAA20BA00567350 /* OSFile.m */; };
		18E3C7CE1FAA20BE00567350 /* OSFileCollectionViewFlowLayout.m in Sources */ = {isa = PBXBuildFile; fileRef = 18E3C7AE1FAA20BA00567350 /* OSFileCollectionViewFlowLayout.m */; };
		18E3C7D01FAA20BE00567350 /* OSFileCollectionViewFlowLayout.h in Sources */ = {isa = PBXBuildFile; fileRef = 18E3C7B01FAA20BA00567350 /* OSFileCollectionViewFlowLayout.h */; };
		18E3C7D21FAA20BE00567350 /* NSString+OSFile.h in Sources */ = {isa = PBXBuildFile; fileRef = 18E3C7B21FAA20BB00567350 /* NSString+OSFile.h */; };
		18E3C7D31FAA20BE00567350 /* OSFileCollectionViewCell.h in Sources */ = {isa = PBXBuildFile; fileRef = 18E3C7B31FAA20BB00567350 /* OSFileCollectionViewCell.h */; };
		18E3C7D41FAA20BE00567350 /* OSFileCollectionViewController.m in Sources */ = {isa = PBXBuildFile; fileRef = 18E3C7B41FAA20BB00567350 /* OSFileCollectionViewController.m */; };
		18E3C7D61FAA20BE00567350 /* OSFileAttributeItem.m in Sources */ = {isa = PBXBuildFile; fileRef = 18E3C7B61FAA20BB00567350 /* OSFileAttributeItem.m */; };
		18E3C7D71FAA20BE00567350 /* OSFilePreviewViewController.m in Sources */ = {isa = PBXBuildFile; fileRef = 18E3C7B71FAA20BC00567350 /* OSFilePreviewViewController.m */; };
		18E3C7D81FAA20BE00567350 /* UIImage+XYImage.m in Sources */ = {isa = PBXBuildFile; fileRef = 18E3C7B81FAA20BC00567350 /* UIImage+XYImage.m */; };
		18E3C7D91FAA20BE00567350 /* DirectoryWatcher.m in Sources */ = {isa = PBXBuildFile; fileRef = 18E3C7B91FAA20BC00567350 /* DirectoryWatcher.m */; };
		18E3C7DA1FAA20BE00567350 /* NSDate+ESUtilities.m in Sources */ = {isa = PBXBuildFile; fileRef = 18E3C7BA1FAA20BC00567350 /* NSDate+ESUtilities.m */; };
		18E3C7DB1FAA20BE00567350 /* OSFileAttributeItem.h in Sources */ = {isa = PBXBuildFile; fileRef = 18E3C7BB1FAA20BC00567350 /* OSFileAttributeItem.h */; };
		18E3C7DC1FAA20BE00567350 /* NSDate+ESUtilities.h in Sources */ = {isa = PBXBuildFile; fileRef = 18E3C7BC1FAA20BC00567350 /* NSDate+ESUtilities.h */; };
		18E3C7DD1FAA20BE00567350 /* UIImageView+XYExtension.h in Sources */ = {isa = PBXBuildFile; fileRef = 18E3C7BD1FAA20BD00567350 /* UIImageView+XYExtension.h */; };
		18E3C7DE1FAA20BE00567350 /* DirectoryWatcher.h in Sources */ = {isa = PBXBuildFile; fileRef = 18E3C7BE1FAA20BD00567350 /* DirectoryWatcher.h */; };
		18E3C7DF1FAA20BE00567350 /* NSString+OSFile.m in Sources */ = {isa = PBXBuildFile; fileRef = 18E3C7BF1FAA20BD00567350 /* NSString+OSFile.m */; };
		18E3C7E01FAA20BE00567350 /* OSFileBottomHUD.h in Sources */ = {isa = PBXBuildFile; fileRef = 18E3C7C01FAA20BD00567350 /* OSFileBottomHUD.h */; };
		18E3C7E11FAA20BE00567350 /* OSFileCollectionViewController.h in Sources */ = {isa = PBXBuildFile; fileRef = 18E3C7C11FAA20BD00567350 /* OSFileCollectionViewController.h */; };
		18E3C7E31FAA20BE00567350 /* OSFileBottomHUD.m in Sources */ = {isa = PBXBuildFile; fileRef = 18E3C7C31FAA20BE00567350 /* OSFileBottomHUD.m */; };
		18E3C7E91FAA393B00567350 /* OSFileBrowser.bundle in Resources */ = {isa = PBXBuildFile; fileRef = 18E3C7E81FAA393B00567350 /* OSFileBrowser.bundle */; };
		28E96F0F46BF10AB72D95417 /* libPods-FileBrowser.a in Frameworks */ = {isa = PBXBuildFile; fileRef = C412FB3F274B4C9DA2C16484 /* libPods-FileBrowser.a */; };
		5C36257919D8461370AF1620 /* libPods-FileBrowserLib.a in Frameworks */ = {isa = PBXBuildFile; fileRef = 9DFFD2228B56373F0284BB99 /* libPods-FileBrowserLib.a */; };
		D0353DE81FA9735C0082508D /* OSFileBrowserAppDelegate.m in Sources */ = {isa = PBXBuildFile; fileRef = D0353DE71FA9735C0082508D /* OSFileBrowserAppDelegate.m */; };
		D0353DF01FA9735C0082508D /* Assets.xcassets in Resources */ = {isa = PBXBuildFile; fileRef = D0353DEF1FA9735C0082508D /* Assets.xcassets */; };
		D0353DF31FA9735C0082508D /* LaunchScreen.storyboard in Resources */ = {isa = PBXBuildFile; fileRef = D0353DF11FA9735C0082508D /* LaunchScreen.storyboard */; };
		D0353DF61FA9735C0082508D /* main.m in Sources */ = {isa = PBXBuildFile; fileRef = D0353DF51FA9735C0082508D /* main.m */; };
		D055BE4C1FC3B5360089C0C3 /* OSFileSearchResultsController.m in Sources */ = {isa = PBXBuildFile; fileRef = D055BE461FC3B5350089C0C3 /* OSFileSearchResultsController.m */; };
		D055BE4D1FC3B5360089C0C3 /* UIViewController+OSStatusBarStyle.m in Sources */ = {isa = PBXBuildFile; fileRef = D055BE491FC3B5350089C0C3 /* UIViewController+OSStatusBarStyle.m */; };
		D055BE4E1FC3B5360089C0C3 /* NSString+OSContainsEeachCharacter.m in Sources */ = {isa = PBXBuildFile; fileRef = D055BE4A1FC3B5360089C0C3 /* NSString+OSContainsEeachCharacter.m */; };
		D088CA871FD63C8000BB4C74 /* OSFileMarkViewController.m in Sources */ = {isa = PBXBuildFile; fileRef = D088CA831FD63C7F00BB4C74 /* OSFileMarkViewController.m */; };
		D088CA881FD63C8000BB4C74 /* OSFileBrowserAppearanceConfigs.m in Sources */ = {isa = PBXBuildFile; fileRef = D088CA841FD63C8000BB4C74 /* OSFileBrowserAppearanceConfigs.m */; };
		D088CA891FD63C8000BB4C74 /* OSFileHelper.m in Sources */ = {isa = PBXBuildFile; fileRef = D088CA861FD63C8000BB4C74 /* OSFileHelper.m */; };
		D096CF961FC57075007B09ED /* UIAlertController+AlertExtensions.m in Sources */ = {isa = PBXBuildFile; fileRef = D096CF941FC57074007B09ED /* UIAlertController+AlertExtensions.m */; };
		D0B58DFC1FDE7CA400CC64A2 /* FileBrowserLib.h in Headers */ = {isa = PBXBuildFile; fileRef = D0B58DFA1FDE7CA400CC64A2 /* FileBrowserLib.h */; settings = {ATTRIBUTES = (Public, ); }; };
		D0B58DFF1FDE7CA400CC64A2 /* FileBrowserLib.framework in Frameworks */ = {isa = PBXBuildFile; fileRef = D0B58DF81FDE7CA400CC64A2 /* FileBrowserLib.framework */; };
		D0B58E001FDE7CA400CC64A2 /* FileBrowserLib.framework in Embed Frameworks */ = {isa = PBXBuildFile; fileRef = D0B58DF81FDE7CA400CC64A2 /* FileBrowserLib.framework */; settings = {ATTRIBUTES = (CodeSignOnCopy, RemoveHeadersOnCopy, ); }; };
		D0B58E0A1FDE7E4200CC64A2 /* UITextField+XYExtensions.h in Headers */ = {isa = PBXBuildFile; fileRef = D2A038361FDAB2040051A286 /* UITextField+XYExtensions.h */; settings = {ATTRIBUTES = (Private, ); }; };
		D0B58E0B1FDE7E4200CC64A2 /* OSFileHelper.h in Headers */ = {isa = PBXBuildFile; fileRef = D088CA851FD63C8000BB4C74 /* OSFileHelper.h */; settings = {ATTRIBUTES = (Public, ); }; };
		D0B58E0C1FDE7E4200CC64A2 /* OSFileMarkViewController.h in Headers */ = {isa = PBXBuildFile; fileRef = D088CA821FD63C7F00BB4C74 /* OSFileMarkViewController.h */; settings = {ATTRIBUTES = (Private, ); }; };
		D0B58E0D1FDE7E4200CC64A2 /* UIScrollView+RollView.h in Headers */ = {isa = PBXBuildFile; fileRef = 181F96A91FCC468000237588 /* UIScrollView+RollView.h */; settings = {ATTRIBUTES = (Private, ); }; };
		D0B58E0E1FDE7E4200CC64A2 /* UIAlertController+AlertExtensions.h in Headers */ = {isa = PBXBuildFile; fileRef = D096CF951FC57074007B09ED /* UIAlertController+AlertExtensions.h */; settings = {ATTRIBUTES = (Private, ); }; };
		D0B58E0F1FDE7E4200CC64A2 /* NSString+OSContainsEeachCharacter.h in Headers */ = {isa = PBXBuildFile; fileRef = D055BE471FC3B5350089C0C3 /* NSString+OSContainsEeachCharacter.h */; settings = {ATTRIBUTES = (Private, ); }; };
		D0B58E101FDE7E4200CC64A2 /* OSFileBrowserAppearanceConfigs.h in Headers */ = {isa = PBXBuildFile; fileRef = D055BE481FC3B5350089C0C3 /* OSFileBrowserAppearanceConfigs.h */; settings = {ATTRIBUTES = (Private, ); }; };
		D0B58E111FDE7E4200CC64A2 /* OSFileSearchResultsController.h in Headers */ = {isa = PBXBuildFile; fileRef = D055BE451FC3B5350089C0C3 /* OSFileSearchResultsController.h */; settings = {ATTRIBUTES = (Private, ); }; };
		D0B58E121FDE7E4200CC64A2 /* UIViewController+OSStatusBarStyle.h in Headers */ = {isa = PBXBuildFile; fileRef = D055BE4B1FC3B5360089C0C3 /* UIViewController+OSStatusBarStyle.h */; settings = {ATTRIBUTES = (Private, ); }; };
		D0B58E131FDE7E4200CC64A2 /* MBProgressHUD+BBHUD.h in Headers */ = {isa = PBXBuildFile; fileRef = 185A7F631FC1D8B700D66AC3 /* MBProgressHUD+BBHUD.h */; settings = {ATTRIBUTES = (Private, ); }; };
		D0B58E141FDE7E4200CC64A2 /* OSFileCollectionHeaderView.h in Headers */ = {isa = PBXBuildFile; fileRef = 185A7F661FC1D8B700D66AC3 /* OSFileCollectionHeaderView.h */; settings = {ATTRIBUTES = (Private, ); }; };
		D0B58E151FDE7E4200CC64A2 /* OSMimeTypeMap.h in Headers */ = {isa = PBXBuildFile; fileRef = 185A7F641FC1D8B700D66AC3 /* OSMimeTypeMap.h */; settings = {ATTRIBUTES = (Private, ); }; };
		D0B58E161FDE7E4200CC64A2 /* DirectoryWatcher.h in Headers */ = {isa = PBXBuildFile; fileRef = 18E3C7BE1FAA20BD00567350 /* DirectoryWatcher.h */; settings = {ATTRIBUTES = (Private, ); }; };
		D0B58E171FDE7E4200CC64A2 /* NSDate+ESUtilities.h in Headers */ = {isa = PBXBuildFile; fileRef = 18E3C7BC1FAA20BC00567350 /* NSDate+ESUtilities.h */; settings = {ATTRIBUTES = (Private, ); }; };
		D0B58E181FDE7E4200CC64A2 /* NSString+OSFile.h in Headers */ = {isa = PBXBuildFile; fileRef = 18E3C7B21FAA20BB00567350 /* NSString+OSFile.h */; settings = {ATTRIBUTES = (Public, ); }; };
		D0B58E191FDE7E4200CC64A2 /* OSFile.h in Headers */ = {isa = PBXBuildFile; fileRef = 18E3C7A81FAA20B900567350 /* OSFile.h */; settings = {ATTRIBUTES = (Public, ); }; };
		D0B58E1A1FDE7E4200CC64A2 /* OSFileAttributeItem.h in Headers */ = {isa = PBXBuildFile; fileRef = 18E3C7BB1FAA20BC00567350 /* OSFileAttributeItem.h */; settings = {ATTRIBUTES = (Public, ); }; };
		D0B58E1B1FDE7E4200CC64A2 /* OSFileBottomHUD.h in Headers */ = {isa = PBXBuildFile; fileRef = 18E3C7C01FAA20BD00567350 /* OSFileBottomHUD.h */; settings = {ATTRIBUTES = (Private, ); }; };
		D0B58E1C1FDE7E4200CC64A2 /* OSFileCollectionViewCell.h in Headers */ = {isa = PBXBuildFile; fileRef = 18E3C7B31FAA20BB00567350 /* OSFileCollectionViewCell.h */; settings = {ATTRIBUTES = (Private, ); }; };
		D0B58E1D1FDE7E4200CC64A2 /* OSFileCollectionViewController.h in Headers */ = {isa = PBXBuildFile; fileRef = 18E3C7C11FAA20BD00567350 /* OSFileCollectionViewController.h */; settings = {ATTRIBUTES = (Public, ); }; };
		D0B58E1E1FDE7E4200CC64A2 /* OSFileCollectionViewFlowLayout.h in Headers */ = {isa = PBXBuildFile; fileRef = 18E3C7B01FAA20BA00567350 /* OSFileCollectionViewFlowLayout.h */; settings = {ATTRIBUTES = (Private, ); }; };
		D0B58E1F1FDE7E4200CC64A2 /* OSFilePreviewViewController.h in Headers */ = {isa = PBXBuildFile; fileRef = 18E3C7A41FAA20B800567350 /* OSFilePreviewViewController.h */; settings = {ATTRIBUTES = (Private, ); }; };
		D0B58E201FDE7E4200CC64A2 /* UIImage+XYImage.h in Headers */ = {isa = PBXBuildFile; fileRef = 18E3C7A51FAA20B800567350 /* UIImage+XYImage.h */; settings = {ATTRIBUTES = (Private, ); }; };
		D0B58E211FDE7E4200CC64A2 /* UIImageView+XYExtension.h in Headers */ = {isa = PBXBuildFile; fileRef = 18E3C7BD1FAA20BD00567350 /* UIImageView+XYExtension.h */; settings = {ATTRIBUTES = (Private, ); }; };
		D0B58E221FDE7E4200CC64A2 /* UIViewController+XYExtensions.h in Headers */ = {isa = PBXBuildFile; fileRef = 18E3C7A91FAA20B900567350 /* UIViewController+XYExtensions.h */; settings = {ATTRIBUTES = (Private, ); }; };
		D0B58E231FDE81BE00CC64A2 /* UITextField+XYExtensions.m in Sources */ = {isa = PBXBuildFile; fileRef = D2A038371FDAB2040051A286 /* UITextField+XYExtensions.m */; };
		D0B58E241FDE81BE00CC64A2 /* OSFileBrowserAppearanceConfigs.m in Sources */ = {isa = PBXBuildFile; fileRef = D088CA841FD63C8000BB4C74 /* OSFileBrowserAppearanceConfigs.m */; };
		D0B58E251FDE81BE00CC64A2 /* OSFileHelper.m in Sources */ = {isa = PBXBuildFile; fileRef = D088CA861FD63C8000BB4C74 /* OSFileHelper.m */; };
		D0B58E261FDE81BE00CC64A2 /* OSFileMarkViewController.m in Sources */ = {isa = PBXBuildFile; fileRef = D088CA831FD63C7F00BB4C74 /* OSFileMarkViewController.m */; };
		D0B58E271FDE81BE00CC64A2 /* UIScrollView+RollView.m in Sources */ = {isa = PBXBuildFile; fileRef = 181F96AA1FCC468000237588 /* UIScrollView+RollView.m */; };
		D0B58E281FDE81BE00CC64A2 /* UIAlertController+AlertExtensions.m in Sources */ = {isa = PBXBuildFile; fileRef = D096CF941FC57074007B09ED /* UIAlertController+AlertExtensions.m */; };
		D0B58E291FDE81BE00CC64A2 /* NSString+OSContainsEeachCharacter.m in Sources */ = {isa = PBXBuildFile; fileRef = D055BE4A1FC3B5360089C0C3 /* NSString+OSContainsEeachCharacter.m */; };
		D0B58E2A1FDE81BE00CC64A2 /* OSFileSearchResultsController.m in Sources */ = {isa = PBXBuildFile; fileRef = D055BE461FC3B5350089C0C3 /* OSFileSearchResultsController.m */; };
		D0B58E2B1FDE81BE00CC64A2 /* UIViewController+OSStatusBarStyle.m in Sources */ = {isa = PBXBuildFile; fileRef = D055BE491FC3B5350089C0C3 /* UIViewController+OSStatusBarStyle.m */; };
		D0B58E2C1FDE81BE00CC64A2 /* MBProgressHUD+BBHUD.m in Sources */ = {isa = PBXBuildFile; fileRef = 185A7F611FC1D8B600D66AC3 /* MBProgressHUD+BBHUD.m */; };
		D0B58E2D1FDE81BE00CC64A2 /* OSFileCollectionHeaderView.m in Sources */ = {isa = PBXBuildFile; fileRef = 185A7F621FC1D8B600D66AC3 /* OSFileCollectionHeaderView.m */; };
		D0B58E2E1FDE81BE00CC64A2 /* OSMimeTypeMap.m in Sources */ = {isa = PBXBuildFile; fileRef = 185A7F651FC1D8B700D66AC3 /* OSMimeTypeMap.m */; };
		D0B58E2F1FDE81BE00CC64A2 /* DirectoryWatcher.m in Sources */ = {isa = PBXBuildFile; fileRef = 18E3C7B91FAA20BC00567350 /* DirectoryWatcher.m */; };
		D0B58E301FDE81BE00CC64A2 /* NSDate+ESUtilities.m in Sources */ = {isa = PBXBuildFile; fileRef = 18E3C7BA1FAA20BC00567350 /* NSDate+ESUtilities.m */; };
		D0B58E311FDE81BE00CC64A2 /* NSString+OSFile.m in Sources */ = {isa = PBXBuildFile; fileRef = 18E3C7BF1FAA20BD00567350 /* NSString+OSFile.m */; };
		D0B58E321FDE81BE00CC64A2 /* OSFile.m in Sources */ = {isa = PBXBuildFile; fileRef = 18E3C7AD1FAA20BA00567350 /* OSFile.m */; };
		D0B58E331FDE81BE00CC64A2 /* OSFileAttributeItem.m in Sources */ = {isa = PBXBuildFile; fileRef = 18E3C7B61FAA20BB00567350 /* OSFileAttributeItem.m */; };
		D0B58E341FDE81BE00CC64A2 /* OSFileBottomHUD.m in Sources */ = {isa = PBXBuildFile; fileRef = 18E3C7C31FAA20BE00567350 /* OSFileBottomHUD.m */; };
		D0B58E351FDE81BE00CC64A2 /* OSFileCollectionViewCell.m in Sources */ = {isa = PBXBuildFile; fileRef = 18E3C7A61FAA20B800567350 /* OSFileCollectionViewCell.m */; };
		D0B58E361FDE81BE00CC64A2 /* OSFileCollectionViewController.m in Sources */ = {isa = PBXBuildFile; fileRef = 18E3C7B41FAA20BB00567350 /* OSFileCollectionViewController.m */; };
		D0B58E371FDE81BE00CC64A2 /* OSFileCollectionViewFlowLayout.m in Sources */ = {isa = PBXBuildFile; fileRef = 18E3C7AE1FAA20BA00567350 /* OSFileCollectionViewFlowLayout.m */; };
		D0B58E381FDE81BE00CC64A2 /* OSFilePreviewViewController.m in Sources */ = {isa = PBXBuildFile; fileRef = 18E3C7B71FAA20BC00567350 /* OSFilePreviewViewController.m */; };
		D0B58E391FDE81BE00CC64A2 /* UIImage+XYImage.m in Sources */ = {isa = PBXBuildFile; fileRef = 18E3C7B81FAA20BC00567350 /* UIImage+XYImage.m */; };
		D0B58E3A1FDE81BE00CC64A2 /* UIImageView+XYExtension.m in Sources */ = {isa = PBXBuildFile; fileRef = 18E3C7A71FAA20B900567350 /* UIImageView+XYExtension.m */; };
		D0B58E3B1FDE81BE00CC64A2 /* UIViewController+XYExtensions.m in Sources */ = {isa = PBXBuildFile; fileRef = 18E3C7AA1FAA20B900567350 /* UIViewController+XYExtensions.m */; };
		D2A038381FDAB2040051A286 /* UITextField+XYExtensions.m in Sources */ = {isa = PBXBuildFile; fileRef = D2A038371FDAB2040051A286 /* UITextField+XYExtensions.m */; };
/* End PBXBuildFile section */

/* Begin PBXContainerItemProxy section */
		D0B58DFD1FDE7CA400CC64A2 /* PBXContainerItemProxy */ = {
			isa = PBXContainerItemProxy;
			containerPortal = D0353DDB1FA9735C0082508D /* Project object */;
			proxyType = 1;
			remoteGlobalIDString = D0B58DF71FDE7CA400CC64A2;
			remoteInfo = FileBrowserLib;
		};
		D0BF29121FE10FD50055E3AB /* PBXContainerItemProxy */ = {
			isa = PBXContainerItemProxy;
			containerPortal = D0353DDB1FA9735C0082508D /* Project object */;
			proxyType = 1;
			remoteGlobalIDString = D0B58DF71FDE7CA400CC64A2;
			remoteInfo = FileBrowserLib;
		};
/* End PBXContainerItemProxy section */

/* Begin PBXCopyFilesBuildPhase section */
		D0B58E041FDE7CA400CC64A2 /* Embed Frameworks */ = {
			isa = PBXCopyFilesBuildPhase;
			buildActionMask = 2147483647;
			dstPath = "";
			dstSubfolderSpec = 10;
			files = (
				D0B58E001FDE7CA400CC64A2 /* FileBrowserLib.framework in Embed Frameworks */,
			);
			name = "Embed Frameworks";
			runOnlyForDeploymentPostprocessing = 0;
		};
/* End PBXCopyFilesBuildPhase section */

/* Begin PBXFileReference section */
		07AA40085D00647EE3E7C40A /* Pods-FileBrowser.debug.xcconfig */ = {isa = PBXFileReference; includeInIndex = 1; lastKnownFileType = text.xcconfig; name = "Pods-FileBrowser.debug.xcconfig"; path = "Pods/Target Support Files/Pods-FileBrowser/Pods-FileBrowser.debug.xcconfig"; sourceTree = "<group>"; };
		181F96A91FCC468000237588 /* UIScrollView+RollView.h */ = {isa = PBXFileReference; fileEncoding = 4; lastKnownFileType = sourcecode.c.h; name = "UIScrollView+RollView.h"; path = "OSFileBrowser/UIScrollView+RollView.h"; sourceTree = "<group>"; };
		181F96AA1FCC468000237588 /* UIScrollView+RollView.m */ = {isa = PBXFileReference; fileEncoding = 4; lastKnownFileType = sourcecode.c.objc; name = "UIScrollView+RollView.m"; path = "OSFileBrowser/UIScrollView+RollView.m"; sourceTree = "<group>"; };
		185A7F611FC1D8B600D66AC3 /* MBProgressHUD+BBHUD.m */ = {isa = PBXFileReference; fileEncoding = 4; lastKnownFileType = sourcecode.c.objc; name = "MBProgressHUD+BBHUD.m"; path = "OSFileBrowser/MBProgressHUD+BBHUD.m"; sourceTree = "<group>"; };
		185A7F621FC1D8B600D66AC3 /* OSFileCollectionHeaderView.m */ = {isa = PBXFileReference; fileEncoding = 4; lastKnownFileType = sourcecode.c.objc; name = OSFileCollectionHeaderView.m; path = OSFileBrowser/OSFileCollectionHeaderView.m; sourceTree = "<group>"; };
		185A7F631FC1D8B700D66AC3 /* MBProgressHUD+BBHUD.h */ = {isa = PBXFileReference; fileEncoding = 4; lastKnownFileType = sourcecode.c.h; name = "MBProgressHUD+BBHUD.h"; path = "OSFileBrowser/MBProgressHUD+BBHUD.h"; sourceTree = "<group>"; };
		185A7F641FC1D8B700D66AC3 /* OSMimeTypeMap.h */ = {isa = PBXFileReference; fileEncoding = 4; lastKnownFileType = sourcecode.c.h; name = OSMimeTypeMap.h; path = OSFileBrowser/OSMimeTypeMap.h; sourceTree = "<group>"; };
		185A7F651FC1D8B700D66AC3 /* OSMimeTypeMap.m */ = {isa = PBXFileReference; fileEncoding = 4; lastKnownFileType = sourcecode.c.objc; name = OSMimeTypeMap.m; path = OSFileBrowser/OSMimeTypeMap.m; sourceTree = "<group>"; };
		185A7F661FC1D8B700D66AC3 /* OSFileCollectionHeaderView.h */ = {isa = PBXFileReference; fileEncoding = 4; lastKnownFileType = sourcecode.c.h; name = OSFileCollectionHeaderView.h; path = OSFileBrowser/OSFileCollectionHeaderView.h; sourceTree = "<group>"; };
		18E3C7A41FAA20B800567350 /* OSFilePreviewViewController.h */ = {isa = PBXFileReference; lastKnownFileType = sourcecode.c.h; name = OSFilePreviewViewController.h; path = OSFileBrowser/OSFilePreviewViewController.h; sourceTree = "<group>"; };
		18E3C7A51FAA20B800567350 /* UIImage+XYImage.h */ = {isa = PBXFileReference; lastKnownFileType = sourcecode.c.h; name = "UIImage+XYImage.h"; path = "OSFileBrowser/UIImage+XYImage.h"; sourceTree = "<group>"; };
		18E3C7A61FAA20B800567350 /* OSFileCollectionViewCell.m */ = {isa = PBXFileReference; lastKnownFileType = sourcecode.c.objc; name = OSFileCollectionViewCell.m; path = OSFileBrowser/OSFileCollectionViewCell.m; sourceTree = "<group>"; };
		18E3C7A71FAA20B900567350 /* UIImageView+XYExtension.m */ = {isa = PBXFileReference; lastKnownFileType = sourcecode.c.objc; name = "UIImageView+XYExtension.m"; path = "OSFileBrowser/UIImageView+XYExtension.m"; sourceTree = "<group>"; };
		18E3C7A81FAA20B900567350 /* OSFile.h */ = {isa = PBXFileReference; lastKnownFileType = sourcecode.c.h; name = OSFile.h; path = OSFileBrowser/OSFile.h; sourceTree = "<group>"; };
		18E3C7A91FAA20B900567350 /* UIViewController+XYExtensions.h */ = {isa = PBXFileReference; lastKnownFileType = sourcecode.c.h; name = "UIViewController+XYExtensions.h"; path = "OSFileBrowser/UIViewController+XYExtensions.h"; sourceTree = "<group>"; };
		18E3C7AA1FAA20B900567350 /* UIViewController+XYExtensions.m */ = {isa = PBXFileReference; lastKnownFileType = sourcecode.c.objc; name = "UIViewController+XYExtensions.m"; path = "OSFileBrowser/UIViewController+XYExtensions.m"; sourceTree = "<group>"; };
		18E3C7AD1FAA20BA00567350 /* OSFile.m */ = {isa = PBXFileReference; lastKnownFileType = sourcecode.c.objc; name = OSFile.m; path = OSFileBrowser/OSFile.m; sourceTree = "<group>"; };
		18E3C7AE1FAA20BA00567350 /* OSFileCollectionViewFlowLayout.m */ = {isa = PBXFileReference; lastKnownFileType = sourcecode.c.objc; name = OSFileCollectionViewFlowLayout.m; path = OSFileBrowser/OSFileCollectionViewFlowLayout.m; sourceTree = "<group>"; };
		18E3C7B01FAA20BA00567350 /* OSFileCollectionViewFlowLayout.h */ = {isa = PBXFileReference; lastKnownFileType = sourcecode.c.h; name = OSFileCollectionViewFlowLayout.h; path = OSFileBrowser/OSFileCollectionViewFlowLayout.h; sourceTree = "<group>"; };
		18E3C7B21FAA20BB00567350 /* NSString+OSFile.h */ = {isa = PBXFileReference; lastKnownFileType = sourcecode.c.h; name = "NSString+OSFile.h"; path = "OSFileBrowser/NSString+OSFile.h"; sourceTree = "<group>"; };
		18E3C7B31FAA20BB00567350 /* OSFileCollectionViewCell.h */ = {isa = PBXFileReference; lastKnownFileType = sourcecode.c.h; name = OSFileCollectionViewCell.h; path = OSFileBrowser/OSFileCollectionViewCell.h; sourceTree = "<group>"; };
		18E3C7B41FAA20BB00567350 /* OSFileCollectionViewController.m */ = {isa = PBXFileReference; lastKnownFileType = sourcecode.c.objc; name = OSFileCollectionViewController.m; path = OSFileBrowser/OSFileCollectionViewController.m; sourceTree = "<group>"; };
		18E3C7B61FAA20BB00567350 /* OSFileAttributeItem.m */ = {isa = PBXFileReference; lastKnownFileType = sourcecode.c.objc; name = OSFileAttributeItem.m; path = OSFileBrowser/OSFileAttributeItem.m; sourceTree = "<group>"; };
		18E3C7B71FAA20BC00567350 /* OSFilePreviewViewController.m */ = {isa = PBXFileReference; lastKnownFileType = sourcecode.c.objc; name = OSFilePreviewViewController.m; path = OSFileBrowser/OSFilePreviewViewController.m; sourceTree = "<group>"; };
		18E3C7B81FAA20BC00567350 /* UIImage+XYImage.m */ = {isa = PBXFileReference; lastKnownFileType = sourcecode.c.objc; name = "UIImage+XYImage.m"; path = "OSFileBrowser/UIImage+XYImage.m"; sourceTree = "<group>"; };
		18E3C7B91FAA20BC00567350 /* DirectoryWatcher.m */ = {isa = PBXFileReference; lastKnownFileType = sourcecode.c.objc; name = DirectoryWatcher.m; path = OSFileBrowser/DirectoryWatcher.m; sourceTree = "<group>"; };
		18E3C7BA1FAA20BC00567350 /* NSDate+ESUtilities.m */ = {isa = PBXFileReference; lastKnownFileType = sourcecode.c.objc; name = "NSDate+ESUtilities.m"; path = "OSFileBrowser/NSDate+ESUtilities.m"; sourceTree = "<group>"; };
		18E3C7BB1FAA20BC00567350 /* OSFileAttributeItem.h */ = {isa = PBXFileReference; lastKnownFileType = sourcecode.c.h; name = OSFileAttributeItem.h; path = OSFileBrowser/OSFileAttributeItem.h; sourceTree = "<group>"; };
		18E3C7BC1FAA20BC00567350 /* NSDate+ESUtilities.h */ = {isa = PBXFileReference; lastKnownFileType = sourcecode.c.h; name = "NSDate+ESUtilities.h"; path = "OSFileBrowser/NSDate+ESUtilities.h"; sourceTree = "<group>"; };
		18E3C7BD1FAA20BD00567350 /* UIImageView+XYExtension.h */ = {isa = PBXFileReference; lastKnownFileType = sourcecode.c.h; name = "UIImageView+XYExtension.h"; path = "OSFileBrowser/UIImageView+XYExtension.h"; sourceTree = "<group>"; };
		18E3C7BE1FAA20BD00567350 /* DirectoryWatcher.h */ = {isa = PBXFileReference; lastKnownFileType = sourcecode.c.h; name = DirectoryWatcher.h; path = OSFileBrowser/DirectoryWatcher.h; sourceTree = "<group>"; };
		18E3C7BF1FAA20BD00567350 /* NSString+OSFile.m */ = {isa = PBXFileReference; lastKnownFileType = sourcecode.c.objc; name = "NSString+OSFile.m"; path = "OSFileBrowser/NSString+OSFile.m"; sourceTree = "<group>"; };
		18E3C7C01FAA20BD00567350 /* OSFileBottomHUD.h */ = {isa = PBXFileReference; lastKnownFileType = sourcecode.c.h; name = OSFileBottomHUD.h; path = OSFileBrowser/OSFileBottomHUD.h; sourceTree = "<group>"; };
		18E3C7C11FAA20BD00567350 /* OSFileCollectionViewController.h */ = {isa = PBXFileReference; lastKnownFileType = sourcecode.c.h; name = OSFileCollectionViewController.h; path = OSFileBrowser/OSFileCollectionViewController.h; sourceTree = "<group>"; };
		18E3C7C31FAA20BE00567350 /* OSFileBottomHUD.m */ = {isa = PBXFileReference; lastKnownFileType = sourcecode.c.objc; name = OSFileBottomHUD.m; path = OSFileBrowser/OSFileBottomHUD.m; sourceTree = "<group>"; };
		18E3C7E81FAA393B00567350 /* OSFileBrowser.bundle */ = {isa = PBXFileReference; lastKnownFileType = "wrapper.plug-in"; name = OSFileBrowser.bundle; path = OSFileBrowser/OSFileBrowser.bundle; sourceTree = "<group>"; };
		74A5B4A7C29615AD3A855D5B /* Pods-FileBrowser.release.xcconfig */ = {isa = PBXFileReference; includeInIndex = 1; lastKnownFileType = text.xcconfig; name = "Pods-FileBrowser.release.xcconfig"; path = "Pods/Target Support Files/Pods-FileBrowser/Pods-FileBrowser.release.xcconfig"; sourceTree = "<group>"; };
		9DFFD2228B56373F0284BB99 /* libPods-FileBrowserLib.a */ = {isa = PBXFileReference; explicitFileType = archive.ar; includeInIndex = 0; path = "libPods-FileBrowserLib.a"; sourceTree = BUILT_PRODUCTS_DIR; };
		A328EB859FE92697AD9A0BD6 /* Pods-FileBrowserLib.release.xcconfig */ = {isa = PBXFileReference; includeInIndex = 1; lastKnownFileType = text.xcconfig; name = "Pods-FileBrowserLib.release.xcconfig"; path = "Pods/Target Support Files/Pods-FileBrowserLib/Pods-FileBrowserLib.release.xcconfig"; sourceTree = "<group>"; };
		C412FB3F274B4C9DA2C16484 /* libPods-FileBrowser.a */ = {isa = PBXFileReference; explicitFileType = archive.ar; includeInIndex = 0; path = "libPods-FileBrowser.a"; sourceTree = BUILT_PRODUCTS_DIR; };
		D0353DE31FA9735C0082508D /* FileBrowser.app */ = {isa = PBXFileReference; explicitFileType = wrapper.application; includeInIndex = 0; path = FileBrowser.app; sourceTree = BUILT_PRODUCTS_DIR; };
		D0353DE61FA9735C0082508D /* OSFileBrowserAppDelegate.h */ = {isa = PBXFileReference; lastKnownFileType = sourcecode.c.h; path = OSFileBrowserAppDelegate.h; sourceTree = "<group>"; };
		D0353DE71FA9735C0082508D /* OSFileBrowserAppDelegate.m */ = {isa = PBXFileReference; lastKnownFileType = sourcecode.c.objc; path = OSFileBrowserAppDelegate.m; sourceTree = "<group>"; };
		D0353DEF1FA9735C0082508D /* Assets.xcassets */ = {isa = PBXFileReference; lastKnownFileType = folder.assetcatalog; path = Assets.xcassets; sourceTree = "<group>"; };
		D0353DF21FA9735C0082508D /* Base */ = {isa = PBXFileReference; lastKnownFileType = file.storyboard; name = Base; path = Base.lproj/LaunchScreen.storyboard; sourceTree = "<group>"; };
		D0353DF41FA9735C0082508D /* Info.plist */ = {isa = PBXFileReference; lastKnownFileType = text.plist.xml; path = Info.plist; sourceTree = "<group>"; };
		D0353DF51FA9735C0082508D /* main.m */ = {isa = PBXFileReference; lastKnownFileType = sourcecode.c.objc; path = main.m; sourceTree = "<group>"; };
		D055BE451FC3B5350089C0C3 /* OSFileSearchResultsController.h */ = {isa = PBXFileReference; fileEncoding = 4; lastKnownFileType = sourcecode.c.h; name = OSFileSearchResultsController.h; path = OSFileBrowser/OSFileSearchResultsController.h; sourceTree = "<group>"; };
		D055BE461FC3B5350089C0C3 /* OSFileSearchResultsController.m */ = {isa = PBXFileReference; fileEncoding = 4; lastKnownFileType = sourcecode.c.objc; lineEnding = 1; name = OSFileSearchResultsController.m; path = OSFileBrowser/OSFileSearchResultsController.m; sourceTree = "<group>"; };
		D055BE471FC3B5350089C0C3 /* NSString+OSContainsEeachCharacter.h */ = {isa = PBXFileReference; fileEncoding = 4; lastKnownFileType = sourcecode.c.h; name = "NSString+OSContainsEeachCharacter.h"; path = "OSFileBrowser/NSString+OSContainsEeachCharacter.h"; sourceTree = "<group>"; };
		D055BE481FC3B5350089C0C3 /* OSFileBrowserAppearanceConfigs.h */ = {isa = PBXFileReference; fileEncoding = 4; lastKnownFileType = sourcecode.c.h; name = OSFileBrowserAppearanceConfigs.h; path = OSFileBrowser/OSFileBrowserAppearanceConfigs.h; sourceTree = "<group>"; };
		D055BE491FC3B5350089C0C3 /* UIViewController+OSStatusBarStyle.m */ = {isa = PBXFileReference; fileEncoding = 4; lastKnownFileType = sourcecode.c.objc; name = "UIViewController+OSStatusBarStyle.m"; path = "OSFileBrowser/UIViewController+OSStatusBarStyle.m"; sourceTree = "<group>"; };
		D055BE4A1FC3B5360089C0C3 /* NSString+OSContainsEeachCharacter.m */ = {isa = PBXFileReference; fileEncoding = 4; lastKnownFileType = sourcecode.c.objc; name = "NSString+OSContainsEeachCharacter.m"; path = "OSFileBrowser/NSString+OSContainsEeachCharacter.m"; sourceTree = "<group>"; };
		D055BE4B1FC3B5360089C0C3 /* UIViewController+OSStatusBarStyle.h */ = {isa = PBXFileReference; fileEncoding = 4; lastKnownFileType = sourcecode.c.h; name = "UIViewController+OSStatusBarStyle.h"; path = "OSFileBrowser/UIViewController+OSStatusBarStyle.h"; sourceTree = "<group>"; };
		D088CA821FD63C7F00BB4C74 /* OSFileMarkViewController.h */ = {isa = PBXFileReference; fileEncoding = 4; lastKnownFileType = sourcecode.c.h; name = OSFileMarkViewController.h; path = OSFileBrowser/OSFileMarkViewController.h; sourceTree = "<group>"; };
		D088CA831FD63C7F00BB4C74 /* OSFileMarkViewController.m */ = {isa = PBXFileReference; fileEncoding = 4; lastKnownFileType = sourcecode.c.objc; name = OSFileMarkViewController.m; path = OSFileBrowser/OSFileMarkViewController.m; sourceTree = "<group>"; };
		D088CA841FD63C8000BB4C74 /* OSFileBrowserAppearanceConfigs.m */ = {isa = PBXFileReference; fileEncoding = 4; lastKnownFileType = sourcecode.c.objc; name = OSFileBrowserAppearanceConfigs.m; path = OSFileBrowser/OSFileBrowserAppearanceConfigs.m; sourceTree = "<group>"; };
		D088CA851FD63C8000BB4C74 /* OSFileHelper.h */ = {isa = PBXFileReference; fileEncoding = 4; lastKnownFileType = sourcecode.c.h; name = OSFileHelper.h; path = OSFileBrowser/OSFileHelper.h; sourceTree = "<group>"; };
		D088CA861FD63C8000BB4C74 /* OSFileHelper.m */ = {isa = PBXFileReference; fileEncoding = 4; lastKnownFileType = sourcecode.c.objc; name = OSFileHelper.m; path = OSFileBrowser/OSFileHelper.m; sourceTree = "<group>"; };
		D096CF941FC57074007B09ED /* UIAlertController+AlertExtensions.m */ = {isa = PBXFileReference; fileEncoding = 4; lastKnownFileType = sourcecode.c.objc; name = "UIAlertController+AlertExtensions.m"; path = "OSFileBrowser/UIAlertController+AlertExtensions.m"; sourceTree = "<group>"; };
		D096CF951FC57074007B09ED /* UIAlertController+AlertExtensions.h */ = {isa = PBXFileReference; fileEncoding = 4; lastKnownFileType = sourcecode.c.h; name = "UIAlertController+AlertExtensions.h"; path = "OSFileBrowser/UIAlertController+AlertExtensions.h"; sourceTree = "<group>"; };
		D0B58DF81FDE7CA400CC64A2 /* FileBrowserLib.framework */ = {isa = PBXFileReference; explicitFileType = wrapper.framework; includeInIndex = 0; path = FileBrowserLib.framework; sourceTree = BUILT_PRODUCTS_DIR; };
		D0B58DFA1FDE7CA400CC64A2 /* FileBrowserLib.h */ = {isa = PBXFileReference; lastKnownFileType = sourcecode.c.h; path = FileBrowserLib.h; sourceTree = "<group>"; };
		D0B58DFB1FDE7CA400CC64A2 /* Info.plist */ = {isa = PBXFileReference; lastKnownFileType = text.plist.xml; path = Info.plist; sourceTree = "<group>"; };
		D2A038361FDAB2040051A286 /* UITextField+XYExtensions.h */ = {isa = PBXFileReference; fileEncoding = 4; lastKnownFileType = sourcecode.c.h; name = "UITextField+XYExtensions.h"; path = "OSFileBrowser/UITextField+XYExtensions.h"; sourceTree = "<group>"; };
		D2A038371FDAB2040051A286 /* UITextField+XYExtensions.m */ = {isa = PBXFileReference; fileEncoding = 4; lastKnownFileType = sourcecode.c.objc; name = "UITextField+XYExtensions.m"; path = "OSFileBrowser/UITextField+XYExtensions.m"; sourceTree = "<group>"; };
		E9283F9BE9DF94E6576EE75B /* Pods-FileBrowserLib.debug.xcconfig */ = {isa = PBXFileReference; includeInIndex = 1; lastKnownFileType = text.xcconfig; name = "Pods-FileBrowserLib.debug.xcconfig"; path = "Pods/Target Support Files/Pods-FileBrowserLib/Pods-FileBrowserLib.debug.xcconfig"; sourceTree = "<group>"; };
/* End PBXFileReference section */

/* Begin PBXFrameworksBuildPhase section */
		D0353DE01FA9735C0082508D /* Frameworks */ = {
			isa = PBXFrameworksBuildPhase;
			buildActionMask = 2147483647;
			files = (
				28E96F0F46BF10AB72D95417 /* libPods-FileBrowser.a in Frameworks */,
				D0B58DFF1FDE7CA400CC64A2 /* FileBrowserLib.framework in Frameworks */,
			);
			runOnlyForDeploymentPostprocessing = 0;
		};
		D0B58DF41FDE7CA400CC64A2 /* Frameworks */ = {
			isa = PBXFrameworksBuildPhase;
			buildActionMask = 2147483647;
			files = (
				5C36257919D8461370AF1620 /* libPods-FileBrowserLib.a in Frameworks */,
			);
			runOnlyForDeploymentPostprocessing = 0;
		};
/* End PBXFrameworksBuildPhase section */

/* Begin PBXGroup section */
		18E3C7E41FAA20F800567350 /* OSFileBrowser */ = {
			isa = PBXGroup;
			children = (
				D2A038361FDAB2040051A286 /* UITextField+XYExtensions.h */,
				D2A038371FDAB2040051A286 /* UITextField+XYExtensions.m */,
				D088CA841FD63C8000BB4C74 /* OSFileBrowserAppearanceConfigs.m */,
				D088CA851FD63C8000BB4C74 /* OSFileHelper.h */,
				D088CA861FD63C8000BB4C74 /* OSFileHelper.m */,
				D088CA821FD63C7F00BB4C74 /* OSFileMarkViewController.h */,
				D088CA831FD63C7F00BB4C74 /* OSFileMarkViewController.m */,
				181F96A91FCC468000237588 /* UIScrollView+RollView.h */,
				181F96AA1FCC468000237588 /* UIScrollView+RollView.m */,
				D096CF951FC57074007B09ED /* UIAlertController+AlertExtensions.h */,
				D096CF941FC57074007B09ED /* UIAlertController+AlertExtensions.m */,
				D055BE471FC3B5350089C0C3 /* NSString+OSContainsEeachCharacter.h */,
				D055BE4A1FC3B5360089C0C3 /* NSString+OSContainsEeachCharacter.m */,
				D055BE481FC3B5350089C0C3 /* OSFileBrowserAppearanceConfigs.h */,
				D055BE451FC3B5350089C0C3 /* OSFileSearchResultsController.h */,
				D055BE461FC3B5350089C0C3 /* OSFileSearchResultsController.m */,
				D055BE4B1FC3B5360089C0C3 /* UIViewController+OSStatusBarStyle.h */,
				D055BE491FC3B5350089C0C3 /* UIViewController+OSStatusBarStyle.m */,
				185A7F631FC1D8B700D66AC3 /* MBProgressHUD+BBHUD.h */,
				185A7F611FC1D8B600D66AC3 /* MBProgressHUD+BBHUD.m */,
				185A7F661FC1D8B700D66AC3 /* OSFileCollectionHeaderView.h */,
				185A7F621FC1D8B600D66AC3 /* OSFileCollectionHeaderView.m */,
				185A7F641FC1D8B700D66AC3 /* OSMimeTypeMap.h */,
				185A7F651FC1D8B700D66AC3 /* OSMimeTypeMap.m */,
				18E3C7BE1FAA20BD00567350 /* DirectoryWatcher.h */,
				18E3C7B91FAA20BC00567350 /* DirectoryWatcher.m */,
				18E3C7BC1FAA20BC00567350 /* NSDate+ESUtilities.h */,
				18E3C7BA1FAA20BC00567350 /* NSDate+ESUtilities.m */,
				18E3C7B21FAA20BB00567350 /* NSString+OSFile.h */,
				18E3C7BF1FAA20BD00567350 /* NSString+OSFile.m */,
				18E3C7A81FAA20B900567350 /* OSFile.h */,
				18E3C7AD1FAA20BA00567350 /* OSFile.m */,
				18E3C7BB1FAA20BC00567350 /* OSFileAttributeItem.h */,
				18E3C7B61FAA20BB00567350 /* OSFileAttributeItem.m */,
				18E3C7C01FAA20BD00567350 /* OSFileBottomHUD.h */,
				18E3C7C31FAA20BE00567350 /* OSFileBottomHUD.m */,
				18E3C7B31FAA20BB00567350 /* OSFileCollectionViewCell.h */,
				18E3C7A61FAA20B800567350 /* OSFileCollectionViewCell.m */,
				18E3C7C11FAA20BD00567350 /* OSFileCollectionViewController.h */,
				18E3C7B41FAA20BB00567350 /* OSFileCollectionViewController.m */,
				18E3C7B01FAA20BA00567350 /* OSFileCollectionViewFlowLayout.h */,
				18E3C7AE1FAA20BA00567350 /* OSFileCollectionViewFlowLayout.m */,
				18E3C7A41FAA20B800567350 /* OSFilePreviewViewController.h */,
				18E3C7B71FAA20BC00567350 /* OSFilePreviewViewController.m */,
				18E3C7A51FAA20B800567350 /* UIImage+XYImage.h */,
				18E3C7B81FAA20BC00567350 /* UIImage+XYImage.m */,
				18E3C7BD1FAA20BD00567350 /* UIImageView+XYExtension.h */,
				18E3C7A71FAA20B900567350 /* UIImageView+XYExtension.m */,
				18E3C7A91FAA20B900567350 /* UIViewController+XYExtensions.h */,
				18E3C7AA1FAA20B900567350 /* UIViewController+XYExtensions.m */,
				18E3C7E81FAA393B00567350 /* OSFileBrowser.bundle */,
			);
			name = OSFileBrowser;
			sourceTree = "<group>";
		};
		253C02E42EC323CC7769126E /* Pods */ = {
			isa = PBXGroup;
			children = (
				07AA40085D00647EE3E7C40A /* Pods-FileBrowser.debug.xcconfig */,
				74A5B4A7C29615AD3A855D5B /* Pods-FileBrowser.release.xcconfig */,
				E9283F9BE9DF94E6576EE75B /* Pods-FileBrowserLib.debug.xcconfig */,
				A328EB859FE92697AD9A0BD6 /* Pods-FileBrowserLib.release.xcconfig */,
			);
			name = Pods;
			sourceTree = "<group>";
		};
		92BAC9D7815381157176AD4D /* Frameworks */ = {
			isa = PBXGroup;
			children = (
				C412FB3F274B4C9DA2C16484 /* libPods-FileBrowser.a */,
				9DFFD2228B56373F0284BB99 /* libPods-FileBrowserLib.a */,
			);
			name = Frameworks;
			sourceTree = "<group>";
		};
		D0353DDA1FA9735C0082508D = {
			isa = PBXGroup;
			children = (
				18E3C7E41FAA20F800567350 /* OSFileBrowser */,
				D0353DE51FA9735C0082508D /* FileBrowser */,
				D0B58DF91FDE7CA400CC64A2 /* FileBrowserLib */,
				D0353DE41FA9735C0082508D /* Products */,
				253C02E42EC323CC7769126E /* Pods */,
				92BAC9D7815381157176AD4D /* Frameworks */,
			);
			sourceTree = "<group>";
		};
		D0353DE41FA9735C0082508D /* Products */ = {
			isa = PBXGroup;
			children = (
				D0353DE31FA9735C0082508D /* FileBrowser.app */,
				D0B58DF81FDE7CA400CC64A2 /* FileBrowserLib.framework */,
			);
			name = Products;
			sourceTree = "<group>";
		};
		D0353DE51FA9735C0082508D /* FileBrowser */ = {
			isa = PBXGroup;
			children = (
				D0353DE61FA9735C0082508D /* OSFileBrowserAppDelegate.h */,
				D0353DE71FA9735C0082508D /* OSFileBrowserAppDelegate.m */,
				D0353DFE1FA9735C0082508D /* Supporting Files */,
			);
			path = FileBrowser;
			sourceTree = "<group>";
		};
		D0353DFE1FA9735C0082508D /* Supporting Files */ = {
			isa = PBXGroup;
			children = (
				D0353DEF1FA9735C0082508D /* Assets.xcassets */,
				D0353DF11FA9735C0082508D /* LaunchScreen.storyboard */,
				D0353DF41FA9735C0082508D /* Info.plist */,
				D0353DF51FA9735C0082508D /* main.m */,
			);
			name = "Supporting Files";
			sourceTree = "<group>";
		};
		D0B58DF91FDE7CA400CC64A2 /* FileBrowserLib */ = {
			isa = PBXGroup;
			children = (
				D0B58DFA1FDE7CA400CC64A2 /* FileBrowserLib.h */,
				D0B58DFB1FDE7CA400CC64A2 /* Info.plist */,
			);
			path = FileBrowserLib;
			sourceTree = "<group>";
		};
/* End PBXGroup section */

/* Begin PBXHeadersBuildPhase section */
		D0B58DF51FDE7CA400CC64A2 /* Headers */ = {
			isa = PBXHeadersBuildPhase;
			buildActionMask = 2147483647;
			files = (
				D0B58DFC1FDE7CA400CC64A2 /* FileBrowserLib.h in Headers */,
				D0B58E1A1FDE7E4200CC64A2 /* OSFileAttributeItem.h in Headers */,
				D0B58E0B1FDE7E4200CC64A2 /* OSFileHelper.h in Headers */,
				D0B58E191FDE7E4200CC64A2 /* OSFile.h in Headers */,
				D0B58E181FDE7E4200CC64A2 /* NSString+OSFile.h in Headers */,
				D0B58E1D1FDE7E4200CC64A2 /* OSFileCollectionViewController.h in Headers */,
				D0B58E0A1FDE7E4200CC64A2 /* UITextField+XYExtensions.h in Headers */,
				D0B58E0C1FDE7E4200CC64A2 /* OSFileMarkViewController.h in Headers */,
				D0B58E0D1FDE7E4200CC64A2 /* UIScrollView+RollView.h in Headers */,
				D0B58E0E1FDE7E4200CC64A2 /* UIAlertController+AlertExtensions.h in Headers */,
				D0B58E0F1FDE7E4200CC64A2 /* NSString+OSContainsEeachCharacter.h in Headers */,
				D0B58E101FDE7E4200CC64A2 /* OSFileBrowserAppearanceConfigs.h in Headers */,
				D0B58E111FDE7E4200CC64A2 /* OSFileSearchResultsController.h in Headers */,
				D0B58E121FDE7E4200CC64A2 /* UIViewController+OSStatusBarStyle.h in Headers */,
				D0B58E131FDE7E4200CC64A2 /* MBProgressHUD+BBHUD.h in Headers */,
				D0B58E141FDE7E4200CC64A2 /* OSFileCollectionHeaderView.h in Headers */,
				D0B58E151FDE7E4200CC64A2 /* OSMimeTypeMap.h in Headers */,
				D0B58E161FDE7E4200CC64A2 /* DirectoryWatcher.h in Headers */,
				D0B58E171FDE7E4200CC64A2 /* NSDate+ESUtilities.h in Headers */,
				D0B58E1B1FDE7E4200CC64A2 /* OSFileBottomHUD.h in Headers */,
				D0B58E1C1FDE7E4200CC64A2 /* OSFileCollectionViewCell.h in Headers */,
				D0B58E1E1FDE7E4200CC64A2 /* OSFileCollectionViewFlowLayout.h in Headers */,
				D0B58E1F1FDE7E4200CC64A2 /* OSFilePreviewViewController.h in Headers */,
				D0B58E201FDE7E4200CC64A2 /* UIImage+XYImage.h in Headers */,
				D0B58E211FDE7E4200CC64A2 /* UIImageView+XYExtension.h in Headers */,
				D0B58E221FDE7E4200CC64A2 /* UIViewController+XYExtensions.h in Headers */,
			);
			runOnlyForDeploymentPostprocessing = 0;
		};
/* End PBXHeadersBuildPhase section */

/* Begin PBXNativeTarget section */
		D0353DE21FA9735C0082508D /* FileBrowser */ = {
			isa = PBXNativeTarget;
			buildConfigurationList = D0353DF91FA9735C0082508D /* Build configuration list for PBXNativeTarget "FileBrowser" */;
			buildPhases = (
				CD216BD3FB2A29F122F87DE9 /* [CP] Check Pods Manifest.lock */,
				D0353DDF1FA9735C0082508D /* Sources */,
				D0353DE01FA9735C0082508D /* Frameworks */,
				D0353DE11FA9735C0082508D /* Resources */,
				D8DAA0979E8900C1AE9F8DF6 /* [CP] Embed Pods Frameworks */,
				EAFB50A680EF14FCF6DA7195 /* [CP] Copy Pods Resources */,
				D0B58E041FDE7CA400CC64A2 /* Embed Frameworks */,
			);
			buildRules = (
			);
			dependencies = (
				D0B58DFE1FDE7CA400CC64A2 /* PBXTargetDependency */,
			);
			name = FileBrowser;
			productName = FileBrowser;
			productReference = D0353DE31FA9735C0082508D /* FileBrowser.app */;
			productType = "com.apple.product-type.application";
		};
		D0B58DF71FDE7CA400CC64A2 /* FileBrowserLib */ = {
			isa = PBXNativeTarget;
			buildConfigurationList = D0B58E031FDE7CA400CC64A2 /* Build configuration list for PBXNativeTarget "FileBrowserLib" */;
			buildPhases = (
				106078B7711F6032F5A274E4 /* [CP] Check Pods Manifest.lock */,
				D0B58DF31FDE7CA400CC64A2 /* Sources */,
				D0B58DF41FDE7CA400CC64A2 /* Frameworks */,
				D0B58DF51FDE7CA400CC64A2 /* Headers */,
				D0B58DF61FDE7CA400CC64A2 /* Resources */,
				25BE5DE8A0FCA79F189E5F06 /* [CP] Copy Pods Resources */,
			);
			buildRules = (
			);
			dependencies = (
			);
			name = FileBrowserLib;
			productName = FileBrowserLib;
			productReference = D0B58DF81FDE7CA400CC64A2 /* FileBrowserLib.framework */;
			productType = "com.apple.product-type.framework";
		};
/* End PBXNativeTarget section */

/* Begin PBXProject section */
		D0353DDB1FA9735C0082508D /* Project object */ = {
			isa = PBXProject;
			attributes = {
				LastUpgradeCheck = 0910;
				ORGANIZATIONNAME = xiaoyuan;
				TargetAttributes = {
					D0353DE21FA9735C0082508D = {
						CreatedOnToolsVersion = 9.1;
						ProvisioningStyle = Automatic;
					};
					D0B58DF71FDE7CA400CC64A2 = {
						CreatedOnToolsVersion = 9.1;
						ProvisioningStyle = Automatic;
					};
					D0D0BC011FDE89E600EC546C = {
						CreatedOnToolsVersion = 9.0;
						ProvisioningStyle = Automatic;
					};
				};
			};
			buildConfigurationList = D0353DDE1FA9735C0082508D /* Build configuration list for PBXProject "FileBrowser" */;
			compatibilityVersion = "Xcode 8.0";
			developmentRegion = en;
			hasScannedForEncodings = 0;
			knownRegions = (
				en,
				Base,
			);
			mainGroup = D0353DDA1FA9735C0082508D;
			productRefGroup = D0353DE41FA9735C0082508D /* Products */;
			projectDirPath = "";
			projectRoot = "";
			targets = (
				D0353DE21FA9735C0082508D /* FileBrowser */,
				D0B58DF71FDE7CA400CC64A2 /* FileBrowserLib */,
				D0D0BC011FDE89E600EC546C /* FileBrowserAggregate */,
			);
		};
/* End PBXProject section */

/* Begin PBXResourcesBuildPhase section */
		D0353DE11FA9735C0082508D /* Resources */ = {
			isa = PBXResourcesBuildPhase;
			buildActionMask = 2147483647;
			files = (
				18E3C7E91FAA393B00567350 /* OSFileBrowser.bundle in Resources */,
				D0353DF31FA9735C0082508D /* LaunchScreen.storyboard in Resources */,
				D0353DF01FA9735C0082508D /* Assets.xcassets in Resources */,
			);
			runOnlyForDeploymentPostprocessing = 0;
		};
		D0B58DF61FDE7CA400CC64A2 /* Resources */ = {
			isa = PBXResourcesBuildPhase;
			buildActionMask = 2147483647;
			files = (
			);
			runOnlyForDeploymentPostprocessing = 0;
		};
/* End PBXResourcesBuildPhase section */

/* Begin PBXShellScriptBuildPhase section */
		106078B7711F6032F5A274E4 /* [CP] Check Pods Manifest.lock */ = {
			isa = PBXShellScriptBuildPhase;
			buildActionMask = 2147483647;
			files = (
			);
			inputPaths = (
			);
			name = "[CP] Check Pods Manifest.lock";
			outputPaths = (
			);
			runOnlyForDeploymentPostprocessing = 0;
			shellPath = /bin/sh;
			shellScript = "diff \"${PODS_ROOT}/../Podfile.lock\" \"${PODS_ROOT}/Manifest.lock\" > /dev/null\nif [ $? != 0 ] ; then\n    # print error to STDERR\n    echo \"error: The sandbox is not in sync with the Podfile.lock. Run 'pod install' or update your CocoaPods installation.\" >&2\n    exit 1\nfi\n";
			showEnvVarsInLog = 0;
		};
		25BE5DE8A0FCA79F189E5F06 /* [CP] Copy Pods Resources */ = {
			isa = PBXShellScriptBuildPhase;
			buildActionMask = 2147483647;
			files = (
			);
			inputPaths = (
			);
			name = "[CP] Copy Pods Resources";
			outputPaths = (
			);
			runOnlyForDeploymentPostprocessing = 0;
			shellPath = /bin/sh;
			shellScript = "\"${SRCROOT}/Pods/Target Support Files/Pods-FileBrowserLib/Pods-FileBrowserLib-resources.sh\"\n";
			showEnvVarsInLog = 0;
		};
		CD216BD3FB2A29F122F87DE9 /* [CP] Check Pods Manifest.lock */ = {
			isa = PBXShellScriptBuildPhase;
			buildActionMask = 2147483647;
			files = (
			);
			inputPaths = (
				"${PODS_PODFILE_DIR_PATH}/Podfile.lock",
				"${PODS_ROOT}/Manifest.lock",
			);
			name = "[CP] Check Pods Manifest.lock";
			outputPaths = (
				"$(DERIVED_FILE_DIR)/Pods-FileBrowser-checkManifestLockResult.txt",
			);
			runOnlyForDeploymentPostprocessing = 0;
			shellPath = /bin/sh;
			shellScript = "diff \"${PODS_ROOT}/../Podfile.lock\" \"${PODS_ROOT}/Manifest.lock\" > /dev/null\nif [ $? != 0 ] ; then\n    # print error to STDERR\n    echo \"error: The sandbox is not in sync with the Podfile.lock. Run 'pod install' or update your CocoaPods installation.\" >&2\n    exit 1\nfi\n";
			showEnvVarsInLog = 0;
		};
		D0D0BC051FDE8A0500EC546C /* ShellScript */ = {
			isa = PBXShellScriptBuildPhase;
			buildActionMask = 2147483647;
			files = (
			);
			inputPaths = (
			);
			outputPaths = (
			);
			runOnlyForDeploymentPostprocessing = 0;
			shellPath = /bin/sh;
			shellScript = "#!/bin/sh\n\n#要build的target名\nTARGET_NAME=\"FileBrowserLib\"\nif [[ $1 ]]\nthen\nTARGET_NAME=$1\nfi\nUNIVERSAL_OUTPUT_FOLDER=\"${SRCROOT}/${PROJECT_NAME}/\"\n\n#创建输出目录，并删除之前的framework文件\nmkdir -p \"${UNIVERSAL_OUTPUT_FOLDER}\"\nrm -rf \"${UNIVERSAL_OUTPUT_FOLDER}/${TARGET_NAME}.framework\"\n\n#分别编译模拟器和真机的Framework\nxcodebuild -project \"${PROJECT_FILE_PATH}\" -target \"${TARGET_NAME}\" ONLY_ACTIVE_ARCH=NO -configuration ${CONFIGURATION} -sdk iphoneos BUILD_DIR=\"${BUILD_DIR}\" BUILD_ROOT=\"${BUILD_ROOT}\" clean build\n\nxcodebuild -project \"${PROJECT_FILE_PATH}\" -target \"${TARGET_NAME}\" ONLY_ACTIVE_ARCH=NO -configuration ${CONFIGURATION} -sdk iphonesimulator BUILD_DIR=\"${BUILD_DIR}\" BUILD_ROOT=\"${BUILD_ROOT}\" clean build\n\n#拷贝framework到univer目录\ncp -R \"${BUILD_DIR}/${CONFIGURATION}-iphonesimulator/${TARGET_NAME}.framework\" \"${UNIVERSAL_OUTPUT_FOLDER}\"\n\n#合并framework，输出最终的framework到build目录\nlipo -create -output \"${UNIVERSAL_OUTPUT_FOLDER}/${TARGET_NAME}.framework/${TARGET_NAME}\" \"${BUILD_DIR}/${CONFIGURATION}-iphonesimulator/${TARGET_NAME}.framework/${TARGET_NAME}\" \"${BUILD_DIR}/${CONFIGURATION}-iphoneos/${TARGET_NAME}.framework/${TARGET_NAME}\"\n\n#删除编译之后生成的无关的配置文件\ndir_path=\"${UNIVERSAL_OUTPUT_FOLDER}/${TARGET_NAME}.framework/\"\nfor file in ls $dir_path\ndo\nif [[ ${file} =~ \".xcconfig\" ]]\nthen\nrm -f \"${dir_path}/${file}\"\nfi\ndone\n#判断build文件夹是否存在，存在则删除\nif [ -d \"${SRCROOT}/build\" ]\nthen\nrm -rf \"${SRCROOT}/build\"\nfi\nrm -rf \"${BUILD_DIR}/${CONFIGURATION}-iphonesimulator\" \"${BUILD_DIR}/${CONFIGURATION}-iphoneos\"\n#打开合并后的文件夹\nopen \"${UNIVERSAL_OUTPUT_FOLDER}\"\n";
		};
		D8DAA0979E8900C1AE9F8DF6 /* [CP] Embed Pods Frameworks */ = {
			isa = PBXShellScriptBuildPhase;
			buildActionMask = 2147483647;
			files = (
			);
			inputPaths = (
			);
			name = "[CP] Embed Pods Frameworks";
			outputPaths = (
			);
			runOnlyForDeploymentPostprocessing = 0;
			shellPath = /bin/sh;
			shellScript = "\"${SRCROOT}/Pods/Target Support Files/Pods-FileBrowser/Pods-FileBrowser-frameworks.sh\"\n";
			showEnvVarsInLog = 0;
		};
		EAFB50A680EF14FCF6DA7195 /* [CP] Copy Pods Resources */ = {
			isa = PBXShellScriptBuildPhase;
			buildActionMask = 2147483647;
			files = (
			);
			inputPaths = (
			);
			name = "[CP] Copy Pods Resources";
			outputPaths = (
			);
			runOnlyForDeploymentPostprocessing = 0;
			shellPath = /bin/sh;
			shellScript = "\"${SRCROOT}/Pods/Target Support Files/Pods-FileBrowser/Pods-FileBrowser-resources.sh\"\n";
			showEnvVarsInLog = 0;
		};
/* End PBXShellScriptBuildPhase section */

/* Begin PBXSourcesBuildPhase section */
		D0353DDF1FA9735C0082508D /* Sources */ = {
			isa = PBXSourcesBuildPhase;
			buildActionMask = 2147483647;
			files = (
				18E3C7C41FAA20BE00567350 /* OSFilePreviewViewController.h in Sources */,
				18E3C7C51FAA20BE00567350 /* UIImage+XYImage.h in Sources */,
				18E3C7C61FAA20BE00567350 /* OSFileCollectionViewCell.m in Sources */,
				18E3C7C71FAA20BE00567350 /* UIImageView+XYExtension.m in Sources */,
				18E3C7C81FAA20BE00567350 /* OSFile.h in Sources */,
				18E3C7C91FAA20BE00567350 /* UIViewController+XYExtensions.h in Sources */,
				18E3C7CA1FAA20BE00567350 /* UIViewController+XYExtensions.m in Sources */,
				18E3C7CD1FAA20BE00567350 /* OSFile.m in Sources */,
				D088CA871FD63C8000BB4C74 /* OSFileMarkViewController.m in Sources */,
				D088CA891FD63C8000BB4C74 /* OSFileHelper.m in Sources */,
				18E3C7CE1FAA20BE00567350 /* OSFileCollectionViewFlowLayout.m in Sources */,
				18E3C7D01FAA20BE00567350 /* OSFileCollectionViewFlowLayout.h in Sources */,
				18E3C7D21FAA20BE00567350 /* NSString+OSFile.h in Sources */,
				18E3C7D31FAA20BE00567350 /* OSFileCollectionViewCell.h in Sources */,
				18E3C7D41FAA20BE00567350 /* OSFileCollectionViewController.m in Sources */,
				D088CA881FD63C8000BB4C74 /* OSFileBrowserAppearanceConfigs.m in Sources */,
				18E3C7D61FAA20BE00567350 /* OSFileAttributeItem.m in Sources */,
				18E3C7D71FAA20BE00567350 /* OSFilePreviewViewController.m in Sources */,
				D055BE4C1FC3B5360089C0C3 /* OSFileSearchResultsController.m in Sources */,
				18E3C7D81FAA20BE00567350 /* UIImage+XYImage.m in Sources */,
				18E3C7D91FAA20BE00567350 /* DirectoryWatcher.m in Sources */,
				18E3C7DA1FAA20BE00567350 /* NSDate+ESUtilities.m in Sources */,
				18E3C7DB1FAA20BE00567350 /* OSFileAttributeItem.h in Sources */,
				185A7F691FC1D8B700D66AC3 /* OSMimeTypeMap.m in Sources */,
				181F96AB1FCC468000237588 /* UIScrollView+RollView.m in Sources */,
				18E3C7DC1FAA20BE00567350 /* NSDate+ESUtilities.h in Sources */,
				18E3C7DD1FAA20BE00567350 /* UIImageView+XYExtension.h in Sources */,
				D2A038381FDAB2040051A286 /* UITextField+XYExtensions.m in Sources */,
				D055BE4E1FC3B5360089C0C3 /* NSString+OSContainsEeachCharacter.m in Sources */,
				18E3C7DE1FAA20BE00567350 /* DirectoryWatcher.h in Sources */,
				185A7F671FC1D8B700D66AC3 /* MBProgressHUD+BBHUD.m in Sources */,
				18E3C7DF1FAA20BE00567350 /* NSString+OSFile.m in Sources */,
				D055BE4D1FC3B5360089C0C3 /* UIViewController+OSStatusBarStyle.m in Sources */,
				18E3C7E01FAA20BE00567350 /* OSFileBottomHUD.h in Sources */,
				D096CF961FC57075007B09ED /* UIAlertController+AlertExtensions.m in Sources */,
				18E3C7E11FAA20BE00567350 /* OSFileCollectionViewController.h in Sources */,
				18E3C7E31FAA20BE00567350 /* OSFileBottomHUD.m in Sources */,
				D0353DF61FA9735C0082508D /* main.m in Sources */,
				D0353DE81FA9735C0082508D /* OSFileBrowserAppDelegate.m in Sources */,
				185A7F681FC1D8B700D66AC3 /* OSFileCollectionHeaderView.m in Sources */,
			);
			runOnlyForDeploymentPostprocessing = 0;
		};
		D0B58DF31FDE7CA400CC64A2 /* Sources */ = {
			isa = PBXSourcesBuildPhase;
			buildActionMask = 2147483647;
			files = (
				D0B58E361FDE81BE00CC64A2 /* OSFileCollectionViewController.m in Sources */,
				D0B58E351FDE81BE00CC64A2 /* OSFileCollectionViewCell.m in Sources */,
				D0B58E331FDE81BE00CC64A2 /* OSFileAttributeItem.m in Sources */,
				D0B58E311FDE81BE00CC64A2 /* NSString+OSFile.m in Sources */,
				D0B58E341FDE81BE00CC64A2 /* OSFileBottomHUD.m in Sources */,
				D0B58E371FDE81BE00CC64A2 /* OSFileCollectionViewFlowLayout.m in Sources */,
				D0B58E2A1FDE81BE00CC64A2 /* OSFileSearchResultsController.m in Sources */,
				D0B58E301FDE81BE00CC64A2 /* NSDate+ESUtilities.m in Sources */,
				D0B58E251FDE81BE00CC64A2 /* OSFileHelper.m in Sources */,
				D0B58E3A1FDE81BE00CC64A2 /* UIImageView+XYExtension.m in Sources */,
				D0B58E2B1FDE81BE00CC64A2 /* UIViewController+OSStatusBarStyle.m in Sources */,
				D0B58E3B1FDE81BE00CC64A2 /* UIViewController+XYExtensions.m in Sources */,
				D0B58E321FDE81BE00CC64A2 /* OSFile.m in Sources */,
				D0B58E281FDE81BE00CC64A2 /* UIAlertController+AlertExtensions.m in Sources */,
				D0B58E261FDE81BE00CC64A2 /* OSFileMarkViewController.m in Sources */,
				D0B58E2C1FDE81BE00CC64A2 /* MBProgressHUD+BBHUD.m in Sources */,
				D0B58E241FDE81BE00CC64A2 /* OSFileBrowserAppearanceConfigs.m in Sources */,
				D0B58E381FDE81BE00CC64A2 /* OSFilePreviewViewController.m in Sources */,
				D0B58E231FDE81BE00CC64A2 /* UITextField+XYExtensions.m in Sources */,
				D0B58E2E1FDE81BE00CC64A2 /* OSMimeTypeMap.m in Sources */,
				D0B58E291FDE81BE00CC64A2 /* NSString+OSContainsEeachCharacter.m in Sources */,
				D0B58E2D1FDE81BE00CC64A2 /* OSFileCollectionHeaderView.m in Sources */,
				D0B58E2F1FDE81BE00CC64A2 /* DirectoryWatcher.m in Sources */,
				D0B58E271FDE81BE00CC64A2 /* UIScrollView+RollView.m in Sources */,
				D0B58E391FDE81BE00CC64A2 /* UIImage+XYImage.m in Sources */,
			);
			runOnlyForDeploymentPostprocessing = 0;
		};
/* End PBXSourcesBuildPhase section */

/* Begin PBXTargetDependency section */
		D0B58DFE1FDE7CA400CC64A2 /* PBXTargetDependency */ = {
			isa = PBXTargetDependency;
			target = D0B58DF71FDE7CA400CC64A2 /* FileBrowserLib */;
			targetProxy = D0B58DFD1FDE7CA400CC64A2 /* PBXContainerItemProxy */;
		};
		D0BF29131FE10FD50055E3AB /* PBXTargetDependency */ = {
			isa = PBXTargetDependency;
			target = D0B58DF71FDE7CA400CC64A2 /* FileBrowserLib */;
			targetProxy = D0BF29121FE10FD50055E3AB /* PBXContainerItemProxy */;
		};
/* End PBXTargetDependency section */

/* Begin PBXVariantGroup section */
		D0353DF11FA9735C0082508D /* LaunchScreen.storyboard */ = {
			isa = PBXVariantGroup;
			children = (
				D0353DF21FA9735C0082508D /* Base */,
			);
			name = LaunchScreen.storyboard;
			sourceTree = "<group>";
		};
/* End PBXVariantGroup section */

/* Begin XCBuildConfiguration section */
		D0353DF71FA9735C0082508D /* Debug */ = {
			isa = XCBuildConfiguration;
			buildSettings = {
				ALWAYS_SEARCH_USER_PATHS = NO;
				CLANG_ANALYZER_NONNULL = YES;
				CLANG_ANALYZER_NUMBER_OBJECT_CONVERSION = YES_AGGRESSIVE;
				CLANG_CXX_LANGUAGE_STANDARD = "gnu++14";
				CLANG_CXX_LIBRARY = "libc++";
				CLANG_ENABLE_MODULES = YES;
				CLANG_ENABLE_OBJC_ARC = YES;
				CLANG_WARN_BLOCK_CAPTURE_AUTORELEASING = YES;
				CLANG_WARN_BOOL_CONVERSION = YES;
				CLANG_WARN_COMMA = YES;
				CLANG_WARN_CONSTANT_CONVERSION = YES;
				CLANG_WARN_DIRECT_OBJC_ISA_USAGE = YES_ERROR;
				CLANG_WARN_DOCUMENTATION_COMMENTS = YES;
				CLANG_WARN_EMPTY_BODY = YES;
				CLANG_WARN_ENUM_CONVERSION = YES;
				CLANG_WARN_INFINITE_RECURSION = YES;
				CLANG_WARN_INT_CONVERSION = YES;
				CLANG_WARN_NON_LITERAL_NULL_CONVERSION = YES;
				CLANG_WARN_OBJC_LITERAL_CONVERSION = YES;
				CLANG_WARN_OBJC_ROOT_CLASS = YES_ERROR;
				CLANG_WARN_RANGE_LOOP_ANALYSIS = YES;
				CLANG_WARN_STRICT_PROTOTYPES = YES;
				CLANG_WARN_SUSPICIOUS_MOVE = YES;
				CLANG_WARN_UNGUARDED_AVAILABILITY = YES_AGGRESSIVE;
				CLANG_WARN_UNREACHABLE_CODE = YES;
				CLANG_WARN__DUPLICATE_METHOD_MATCH = YES;
				CODE_SIGN_IDENTITY = "iPhone Developer";
				COPY_PHASE_STRIP = NO;
				DEBUG_INFORMATION_FORMAT = dwarf;
				ENABLE_STRICT_OBJC_MSGSEND = YES;
				ENABLE_TESTABILITY = YES;
				GCC_C_LANGUAGE_STANDARD = gnu11;
				GCC_DYNAMIC_NO_PIC = NO;
				GCC_NO_COMMON_BLOCKS = YES;
				GCC_OPTIMIZATION_LEVEL = 0;
				GCC_PREPROCESSOR_DEFINITIONS = (
					"DEBUG=1",
					"$(inherited)",
				);
				GCC_WARN_64_TO_32_BIT_CONVERSION = YES;
				GCC_WARN_ABOUT_RETURN_TYPE = YES_ERROR;
				GCC_WARN_UNDECLARED_SELECTOR = YES;
				GCC_WARN_UNINITIALIZED_AUTOS = YES_AGGRESSIVE;
				GCC_WARN_UNUSED_FUNCTION = YES;
				GCC_WARN_UNUSED_VARIABLE = YES;
				IPHONEOS_DEPLOYMENT_TARGET = 11.1;
				MTL_ENABLE_DEBUG_INFO = YES;
				ONLY_ACTIVE_ARCH = YES;
				SDKROOT = iphoneos;
			};
			name = Debug;
		};
		D0353DF81FA9735C0082508D /* Release */ = {
			isa = XCBuildConfiguration;
			buildSettings = {
				ALWAYS_SEARCH_USER_PATHS = NO;
				CLANG_ANALYZER_NONNULL = YES;
				CLANG_ANALYZER_NUMBER_OBJECT_CONVERSION = YES_AGGRESSIVE;
				CLANG_CXX_LANGUAGE_STANDARD = "gnu++14";
				CLANG_CXX_LIBRARY = "libc++";
				CLANG_ENABLE_MODULES = YES;
				CLANG_ENABLE_OBJC_ARC = YES;
				CLANG_WARN_BLOCK_CAPTURE_AUTORELEASING = YES;
				CLANG_WARN_BOOL_CONVERSION = YES;
				CLANG_WARN_COMMA = YES;
				CLANG_WARN_CONSTANT_CONVERSION = YES;
				CLANG_WARN_DIRECT_OBJC_ISA_USAGE = YES_ERROR;
				CLANG_WARN_DOCUMENTATION_COMMENTS = YES;
				CLANG_WARN_EMPTY_BODY = YES;
				CLANG_WARN_ENUM_CONVERSION = YES;
				CLANG_WARN_INFINITE_RECURSION = YES;
				CLANG_WARN_INT_CONVERSION = YES;
				CLANG_WARN_NON_LITERAL_NULL_CONVERSION = YES;
				CLANG_WARN_OBJC_LITERAL_CONVERSION = YES;
				CLANG_WARN_OBJC_ROOT_CLASS = YES_ERROR;
				CLANG_WARN_RANGE_LOOP_ANALYSIS = YES;
				CLANG_WARN_STRICT_PROTOTYPES = YES;
				CLANG_WARN_SUSPICIOUS_MOVE = YES;
				CLANG_WARN_UNGUARDED_AVAILABILITY = YES_AGGRESSIVE;
				CLANG_WARN_UNREACHABLE_CODE = YES;
				CLANG_WARN__DUPLICATE_METHOD_MATCH = YES;
				CODE_SIGN_IDENTITY = "iPhone Developer";
				COPY_PHASE_STRIP = NO;
				DEBUG_INFORMATION_FORMAT = "dwarf-with-dsym";
				ENABLE_NS_ASSERTIONS = NO;
				ENABLE_STRICT_OBJC_MSGSEND = YES;
				GCC_C_LANGUAGE_STANDARD = gnu11;
				GCC_NO_COMMON_BLOCKS = YES;
				GCC_WARN_64_TO_32_BIT_CONVERSION = YES;
				GCC_WARN_ABOUT_RETURN_TYPE = YES_ERROR;
				GCC_WARN_UNDECLARED_SELECTOR = YES;
				GCC_WARN_UNINITIALIZED_AUTOS = YES_AGGRESSIVE;
				GCC_WARN_UNUSED_FUNCTION = YES;
				GCC_WARN_UNUSED_VARIABLE = YES;
				IPHONEOS_DEPLOYMENT_TARGET = 11.1;
				MTL_ENABLE_DEBUG_INFO = NO;
				SDKROOT = iphoneos;
				VALIDATE_PRODUCT = YES;
			};
			name = Release;
		};
		D0353DFA1FA9735C0082508D /* Debug */ = {
			isa = XCBuildConfiguration;
			baseConfigurationReference = 07AA40085D00647EE3E7C40A /* Pods-FileBrowser.debug.xcconfig */;
			buildSettings = {
				ALWAYS_SEARCH_USER_PATHS = YES;
				ASSETCATALOG_COMPILER_APPICON_NAME = AppIcon;
				"CODE_SIGN_IDENTITY[sdk=iphoneos*]" = "iPhone Developer";
				CODE_SIGN_STYLE = Automatic;
				DEVELOPMENT_TEAM = NKW67GFDHM;
				INFOPLIST_FILE = FileBrowser/Info.plist;
				IPHONEOS_DEPLOYMENT_TARGET = 8.0;
				LD_RUNPATH_SEARCH_PATHS = "$(inherited) @executable_path/Frameworks";
				PRODUCT_BUNDLE_IDENTIFIER = com.ossey.fileBrowser;
				PRODUCT_NAME = "$(TARGET_NAME)";
				PROVISIONING_PROFILE = "";
				PROVISIONING_PROFILE_SPECIFIER = "";
				TARGETED_DEVICE_FAMILY = "1,2";
			};
			name = Debug;
		};
		D0353DFB1FA9735C0082508D /* Release */ = {
			isa = XCBuildConfiguration;
			baseConfigurationReference = 74A5B4A7C29615AD3A855D5B /* Pods-FileBrowser.release.xcconfig */;
			buildSettings = {
				ALWAYS_SEARCH_USER_PATHS = YES;
				ASSETCATALOG_COMPILER_APPICON_NAME = AppIcon;
				"CODE_SIGN_IDENTITY[sdk=iphoneos*]" = "iPhone Developer";
				CODE_SIGN_STYLE = Automatic;
				DEVELOPMENT_TEAM = NKW67GFDHM;
				INFOPLIST_FILE = FileBrowser/Info.plist;
				IPHONEOS_DEPLOYMENT_TARGET = 8.0;
				LD_RUNPATH_SEARCH_PATHS = "$(inherited) @executable_path/Frameworks";
				PRODUCT_BUNDLE_IDENTIFIER = com.ossey.fileBrowser;
				PRODUCT_NAME = "$(TARGET_NAME)";
				PROVISIONING_PROFILE = "";
				PROVISIONING_PROFILE_SPECIFIER = "";
				TARGETED_DEVICE_FAMILY = "1,2";
			};
			name = Release;
		};
		D0B58E011FDE7CA400CC64A2 /* Debug */ = {
			isa = XCBuildConfiguration;
			baseConfigurationReference = E9283F9BE9DF94E6576EE75B /* Pods-FileBrowserLib.debug.xcconfig */;
			buildSettings = {
				ARCHS = "$(ARCHS_STANDARD)";
				CODE_SIGN_IDENTITY = "";
				CODE_SIGN_STYLE = Automatic;
				CURRENT_PROJECT_VERSION = 1;
				DEAD_CODE_STRIPPING = NO;
				DEFINES_MODULE = YES;
				DEVELOPMENT_TEAM = NKW67GFDHM;
				DYLIB_COMPATIBILITY_VERSION = 1;
				DYLIB_CURRENT_VERSION = 1;
				DYLIB_INSTALL_NAME_BASE = "@rpath";
				INFOPLIST_FILE = FileBrowserLib/Info.plist;
				INSTALL_PATH = "$(LOCAL_LIBRARY_DIR)/Frameworks";
				IPHONEOS_DEPLOYMENT_TARGET = 8.0;
				LD_RUNPATH_SEARCH_PATHS = "$(inherited) @executable_path/Frameworks @loader_path/Frameworks";
				LINK_WITH_STANDARD_LIBRARIES = NO;
				MACH_O_TYPE = staticlib;
				ONLY_ACTIVE_ARCH = YES;
				PRODUCT_BUNDLE_IDENTIFIER = ossey.FileBrowserLib;
				PRODUCT_NAME = "$(TARGET_NAME:c99extidentifier)";
				SDKROOT = iphoneos;
				SKIP_INSTALL = YES;
				TARGETED_DEVICE_FAMILY = "1,2";
				VERSIONING_SYSTEM = "apple-generic";
				VERSION_INFO_PREFIX = "";
			};
			name = Debug;
		};
		D0B58E021FDE7CA400CC64A2 /* Release */ = {
			isa = XCBuildConfiguration;
			baseConfigurationReference = A328EB859FE92697AD9A0BD6 /* Pods-FileBrowserLib.release.xcconfig */;
			buildSettings = {
				ARCHS = "$(ARCHS_STANDARD)";
				CODE_SIGN_IDENTITY = "";
				CODE_SIGN_STYLE = Automatic;
				CURRENT_PROJECT_VERSION = 1;
				DEAD_CODE_STRIPPING = NO;
				DEFINES_MODULE = YES;
				DEVELOPMENT_TEAM = NKW67GFDHM;
				DYLIB_COMPATIBILITY_VERSION = 1;
				DYLIB_CURRENT_VERSION = 1;
				DYLIB_INSTALL_NAME_BASE = "@rpath";
				INFOPLIST_FILE = FileBrowserLib/Info.plist;
				INSTALL_PATH = "$(LOCAL_LIBRARY_DIR)/Frameworks";
				IPHONEOS_DEPLOYMENT_TARGET = 8.0;
				LD_RUNPATH_SEARCH_PATHS = "$(inherited) @executable_path/Frameworks @loader_path/Frameworks";
				LINK_WITH_STANDARD_LIBRARIES = NO;
				MACH_O_TYPE = staticlib;
				ONLY_ACTIVE_ARCH = NO;
				PRODUCT_BUNDLE_IDENTIFIER = ossey.FileBrowserLib;
				PRODUCT_NAME = "$(TARGET_NAME:c99extidentifier)";
				SDKROOT = iphoneos;
				SKIP_INSTALL = YES;
				TARGETED_DEVICE_FAMILY = "1,2";
				VERSIONING_SYSTEM = "apple-generic";
				VERSION_INFO_PREFIX = "";
			};
			name = Release;
		};
		D0D0BC021FDE89E600EC546C /* Debug */ = {
			isa = XCBuildConfiguration;
			buildSettings = {
				CODE_SIGN_STYLE = Automatic;
				DEVELOPMENT_TEAM = NKW67GFDHM;
				IPHONEOS_DEPLOYMENT_TARGET = 8.0;
				PRODUCT_NAME = "$(TARGET_NAME)";
				TARGETED_DEVICE_FAMILY = "1,2";
			};
			name = Debug;
		};
		D0D0BC031FDE89E600EC546C /* Release */ = {
			isa = XCBuildConfiguration;
			buildSettings = {
				CODE_SIGN_STYLE = Automatic;
				DEVELOPMENT_TEAM = NKW67GFDHM;
				IPHONEOS_DEPLOYMENT_TARGET = 8.0;
				PRODUCT_NAME = "$(TARGET_NAME)";
				TARGETED_DEVICE_FAMILY = "1,2";
			};
			name = Release;
		};
/* End XCBuildConfiguration section */

/* Begin XCConfigurationList section */
		D0353DDE1FA9735C0082508D /* Build configuration list for PBXProject "FileBrowser" */ = {
			isa = XCConfigurationList;
			buildConfigurations = (
				D0353DF71FA9735C0082508D /* Debug */,
				D0353DF81FA9735C0082508D /* Release */,
			);
			defaultConfigurationIsVisible = 0;
			defaultConfigurationName = Release;
		};
		D0353DF91FA9735C0082508D /* Build configuration list for PBXNativeTarget "FileBrowser" */ = {
			isa = XCConfigurationList;
			buildConfigurations = (
				D0353DFA1FA9735C0082508D /* Debug */,
				D0353DFB1FA9735C0082508D /* Release */,
			);
			defaultConfigurationIsVisible = 0;
			defaultConfigurationName = Release;
		};
		D0B58E031FDE7CA400CC64A2 /* Build configuration list for PBXNativeTarget "FileBrowserLib" */ = {
			isa = XCConfigurationList;
			buildConfigurations = (
				D0B58E011FDE7CA400CC64A2 /* Debug */,
				D0B58E021FDE7CA400CC64A2 /* Release */,
			);
			defaultConfigurationIsVisible = 0;
			defaultConfigurationName = Release;
		};
		D0D0BC041FDE89E600EC546C /* Build configuration list for PBXAggregateTarget "FileBrowserAggregate" */ = {
			isa = XCConfigurationList;
			buildConfigurations = (
				D0D0BC021FDE89E600EC546C /* Debug */,
				D0D0BC031FDE89E600EC546C /* Release */,
			);
			defaultConfigurationIsVisible = 0;
			defaultConfigurationName = Release;
		};
/* End XCConfigurationList section */
	};
	rootObject = D0353DDB1FA9735C0082508D /* Project object */;
}
